PODS:
  - Kumi (0.0.6):
    - Marker
    - SwiftyJSON
  - Marker (1.2.1)
  - SwiftLint (0.32.0)
  - SwiftyJSON (5.0.0)

DEPENDENCIES:
  - Kumi (from `./`)
  - Marker
  - SwiftLint
  - SwiftyJSON

SPEC REPOS:
  https://github.com/cocoapods/specs.git:
    - Marker
    - SwiftLint
    - SwiftyJSON

EXTERNAL SOURCES:
  Kumi:
    :path: "./"

SPEC CHECKSUMS:
  Kumi: 0fa5010e728a4143d4a5e8f28f3f0fcdc634ec3d
  Marker: b8f775718b2cf7c872956b9b5413121b0ce56de5
  SwiftLint: 009a898ef2a1c851f45e1b59349bf6ff2ddc990d
  SwiftyJSON: 36413e04c44ee145039d332b4f4e2d3e8d6c4db7

PODFILE CHECKSUM: 60767acfb77199fbd21e42f1bd2835b8d062ca58

COCOAPODS: 1.7.1
