PODS:
  - Kumi (0.0.5):
    - Marker
  - Marker (1.0.0)
  - SwiftLint (0.23.1)

DEPENDENCIES:
  - Kumi (from `./`)
  - Marker
  - SwiftLint

EXTERNAL SOURCES:
  Kumi:
    :path: "./"

SPEC CHECKSUMS:
  Kumi: b7273af0ec1be5f2165a52763bd813aad06bdeef
  Marker: f6b66b1e4507979bfdc110799793e74906010f4f
  SwiftLint: 1b670ce79284c76520f84060e87d645078fd32fa

PODFILE CHECKSUM: 96841c94f1ec746841eb6d5603807c3ae30ccf9b

COCOAPODS: 1.2.0
