PODS:
  - Kumi (0.0.6):
    - SwiftyJSON
  - SwiftLint (0.28.2)
  - SwiftyJSON (4.2.0)

DEPENDENCIES:
  - Kumi (from `./`)
  - SwiftLint
  - SwiftyJSON

SPEC REPOS:
  https://github.com/cocoapods/specs.git:
    - SwiftLint
    - SwiftyJSON

EXTERNAL SOURCES:
  Kumi:
    :path: "./"

SPEC CHECKSUMS:
  Kumi: 8760005c63373ccea24b80794b868a916bd51522
  SwiftLint: f1629ae733b64e9cad20052de01d1debd5b640e7
  SwiftyJSON: c4bcba26dd9ec7a027fc8eade48e2c911f229e96

PODFILE CHECKSUM: 60767acfb77199fbd21e42f1bd2835b8d062ca58

COCOAPODS: 1.5.3
