// !$*UTF8*$!
{
	archiveVersion = 1;
	classes = {
	};
	objectVersion = 46;
	objects = {

/* Begin PBXBuildFile section */
		154487351EE4AD3E00DCD7A9 /* LayerStyle+JSON.swift in Sources */ = {isa = PBXBuildFile; fileRef = 154487341EE4AD3E00DCD7A9 /* LayerStyle+JSON.swift */; };
		154487371EE4AD4E00DCD7A9 /* ShadowStyle+JSON.swift in Sources */ = {isa = PBXBuildFile; fileRef = 154487361EE4AD4E00DCD7A9 /* ShadowStyle+JSON.swift */; };
		1544873B1EE4AD7300DCD7A9 /* CATransform3D+JSON.swift in Sources */ = {isa = PBXBuildFile; fileRef = 154487381EE4AD7300DCD7A9 /* CATransform3D+JSON.swift */; };
		1544873C1EE4AD7300DCD7A9 /* CGSize+JSON.swift in Sources */ = {isa = PBXBuildFile; fileRef = 154487391EE4AD7300DCD7A9 /* CGSize+JSON.swift */; };
		1544873D1EE4AD7300DCD7A9 /* TextStyle+JSON.swift in Sources */ = {isa = PBXBuildFile; fileRef = 1544873A1EE4AD7300DCD7A9 /* TextStyle+JSON.swift */; };
		154487531EE4D2F200DCD7A9 /* UIViewExtension.swift in Sources */ = {isa = PBXBuildFile; fileRef = 154487521EE4D2F200DCD7A9 /* UIViewExtension.swift */; };
		1544875D1EE4D3A800DCD7A9 /* AnimationTheme.swift in Sources */ = {isa = PBXBuildFile; fileRef = 1544875C1EE4D3A800DCD7A9 /* AnimationTheme.swift */; };
		154487681EE4DCE700DCD7A9 /* CABasicAnimationStyle+JSON.swift in Sources */ = {isa = PBXBuildFile; fileRef = 154487671EE4DCE700DCD7A9 /* CABasicAnimationStyle+JSON.swift */; };
		1544876A1EE4DE0900DCD7A9 /* CAMediaTimingFunction+JSON.swift in Sources */ = {isa = PBXBuildFile; fileRef = 154487691EE4DE0900DCD7A9 /* CAMediaTimingFunction+JSON.swift */; };
		1544876C1EE4DFB500DCD7A9 /* UIViewAnimationStyle+JSON.swift in Sources */ = {isa = PBXBuildFile; fileRef = 1544876B1EE4DFB500DCD7A9 /* UIViewAnimationStyle+JSON.swift */; };
		739AA7F5FC65EFB5B8C836AC /* Pods_KumiTests.framework in Frameworks */ = {isa = PBXBuildFile; fileRef = 96B214361F8486E6AC17A2EE /* Pods_KumiTests.framework */; };
		8EC736D61EB28CB60087846F /* Kumi.framework in Frameworks */ = {isa = PBXBuildFile; fileRef = 8EC736CC1EB28CB60087846F /* Kumi.framework */; };
		8EC736DD1EB28CB70087846F /* Kumi.h in Headers */ = {isa = PBXBuildFile; fileRef = 8EC736CF1EB28CB60087846F /* Kumi.h */; settings = {ATTRIBUTES = (Public, ); }; };
		8EC7374D1EB292A10087846F /* AlphaValue.swift in Sources */ = {isa = PBXBuildFile; fileRef = 8EC737401EB292A10087846F /* AlphaValue.swift */; };
		8EC7374E1EB292A10087846F /* AnimationDuration.swift in Sources */ = {isa = PBXBuildFile; fileRef = 8EC737411EB292A10087846F /* AnimationDuration.swift */; };
		8EC737501EB292A10087846F /* BorderWidth.swift in Sources */ = {isa = PBXBuildFile; fileRef = 8EC737431EB292A10087846F /* BorderWidth.swift */; };
		8EC737521EB292A10087846F /* CALayerExtension.swift in Sources */ = {isa = PBXBuildFile; fileRef = 8EC737451EB292A10087846F /* CALayerExtension.swift */; };
		8EC737531EB292A10087846F /* CornerRadius.swift in Sources */ = {isa = PBXBuildFile; fileRef = 8EC737461EB292A10087846F /* CornerRadius.swift */; };
		8EC737581EB292A10087846F /* UIColor+Extensions.swift in Sources */ = {isa = PBXBuildFile; fileRef = 8EC7374B1EB292A10087846F /* UIColor+Extensions.swift */; };
		8EC737631EB38FF30087846F /* Kumi.swift in Sources */ = {isa = PBXBuildFile; fileRef = 8EC737621EB38FF30087846F /* Kumi.swift */; };
		8EC7376B1EB3984B0087846F /* UIColor+JSON.swift in Sources */ = {isa = PBXBuildFile; fileRef = 8EC7376A1EB3984B0087846F /* UIColor+JSON.swift */; };
		8EC7376E1EB39FA40087846F /* JSONHelper.swift in Sources */ = {isa = PBXBuildFile; fileRef = 8EC7376D1EB39FA40087846F /* JSONHelper.swift */; };
		8EC737831EB3B9DB0087846F /* ThemeTests.swift in Sources */ = {isa = PBXBuildFile; fileRef = 8EC737821EB3B9DB0087846F /* ThemeTests.swift */; };
		8EC737931EB3CBA90087846F /* CABasicAnimationStyle.swift in Sources */ = {isa = PBXBuildFile; fileRef = 8EC737861EB3CBA90087846F /* CABasicAnimationStyle.swift */; };
		8EC737941EB3CBA90087846F /* UIViewAnimationStyle.swift in Sources */ = {isa = PBXBuildFile; fileRef = 8EC737871EB3CBA90087846F /* UIViewAnimationStyle.swift */; };
		8EC737951EB3CBA90087846F /* ColorTheme.swift in Sources */ = {isa = PBXBuildFile; fileRef = 8EC737891EB3CBA90087846F /* ColorTheme.swift */; };
		8EC737961EB3CBA90087846F /* FontTheme.swift in Sources */ = {isa = PBXBuildFile; fileRef = 8EC7378B1EB3CBA90087846F /* FontTheme.swift */; };
		8EC737971EB3CBA90087846F /* LayerStyle.swift in Sources */ = {isa = PBXBuildFile; fileRef = 8EC7378D1EB3CBA90087846F /* LayerStyle.swift */; };
		8EC737981EB3CBA90087846F /* LayerTheme.swift in Sources */ = {isa = PBXBuildFile; fileRef = 8EC7378E1EB3CBA90087846F /* LayerTheme.swift */; };
		8EC737991EB3CBA90087846F /* ShadowStyle.swift in Sources */ = {isa = PBXBuildFile; fileRef = 8EC737901EB3CBA90087846F /* ShadowStyle.swift */; };
		8EC7379A1EB3CBA90087846F /* ShadowTheme.swift in Sources */ = {isa = PBXBuildFile; fileRef = 8EC737911EB3CBA90087846F /* ShadowTheme.swift */; };
		9019497C21AC733100AC2B67 /* UIEdgeInsets+JSON.swift in Sources */ = {isa = PBXBuildFile; fileRef = 9019497B21AC733100AC2B67 /* UIEdgeInsets+JSON.swift */; };
		90A3412821AA3B5400788705 /* String+Extension.swift in Sources */ = {isa = PBXBuildFile; fileRef = 90A3412721AA3B5400788705 /* String+Extension.swift */; };
		90A3412A21AA42B000788705 /* Theme.json in Resources */ = {isa = PBXBuildFile; fileRef = 90A3412921AA42B000788705 /* Theme.json */; };
		90A3412E21AA455800788705 /* Generics.swift in Sources */ = {isa = PBXBuildFile; fileRef = 90A3412D21AA455800788705 /* Generics.swift */; };
		90C1253321B1A77B00E890F6 /* TextAttributes.swift in Sources */ = {isa = PBXBuildFile; fileRef = 90C1250C21B1A77B00E890F6 /* TextAttributes.swift */; };
		90C1253421B1A77B00E890F6 /* TextTransform.swift in Sources */ = {isa = PBXBuildFile; fileRef = 90C1250D21B1A77B00E890F6 /* TextTransform.swift */; };
		90C1253521B1A77B00E890F6 /* TextStyle.swift in Sources */ = {isa = PBXBuildFile; fileRef = 90C1250E21B1A77B00E890F6 /* TextStyle.swift */; };
		90C1253621B1A77B00E890F6 /* NSAttributedString+Extensions.swift in Sources */ = {isa = PBXBuildFile; fileRef = 90C1250F21B1A77B00E890F6 /* NSAttributedString+Extensions.swift */; };
		90C1253721B1A77B00E890F6 /* String+Extensions.swift in Sources */ = {isa = PBXBuildFile; fileRef = 90C1251121B1A77B00E890F6 /* String+Extensions.swift */; };
		90C1253821B1A77B00E890F6 /* TagParser.swift in Sources */ = {isa = PBXBuildFile; fileRef = 90C1251221B1A77B00E890F6 /* TagParser.swift */; };
		90C1253921B1A77B00E890F6 /* MarkdownParser.swift in Sources */ = {isa = PBXBuildFile; fileRef = 90C1251321B1A77B00E890F6 /* MarkdownParser.swift */; };
		90C1253A21B1A77B00E890F6 /* Element.swift in Sources */ = {isa = PBXBuildFile; fileRef = 90C1251421B1A77B00E890F6 /* Element.swift */; };
		90C1253B21B1A77B00E890F6 /* ElementParser.swift in Sources */ = {isa = PBXBuildFile; fileRef = 90C1251521B1A77B00E890F6 /* ElementParser.swift */; };
		90C1253C21B1A77B00E890F6 /* Rule.swift in Sources */ = {isa = PBXBuildFile; fileRef = 90C1251621B1A77B00E890F6 /* Rule.swift */; };
		90C1253D21B1A77B00E890F6 /* TokenParser.swift in Sources */ = {isa = PBXBuildFile; fileRef = 90C1251721B1A77B00E890F6 /* TokenParser.swift */; };
		90C1253E21B1A77B00E890F6 /* MarkdownElement.swift in Sources */ = {isa = PBXBuildFile; fileRef = 90C1251821B1A77B00E890F6 /* MarkdownElement.swift */; };
		90C1253F21B1A77B00E890F6 /* Tag.swift in Sources */ = {isa = PBXBuildFile; fileRef = 90C1251921B1A77B00E890F6 /* Tag.swift */; };
		90C1254021B1A77B00E890F6 /* Token.swift in Sources */ = {isa = PBXBuildFile; fileRef = 90C1251A21B1A77B00E890F6 /* Token.swift */; };
		90C1254121B1A77B00E890F6 /* Symbol.swift in Sources */ = {isa = PBXBuildFile; fileRef = 90C1251B21B1A77B00E890F6 /* Symbol.swift */; };
		90C1254221B1A77B00E890F6 /* Markup.swift in Sources */ = {isa = PBXBuildFile; fileRef = 90C1251C21B1A77B00E890F6 /* Markup.swift */; };
		90C1254321B1A77B00E890F6 /* TextTransform+Extensions.swift in Sources */ = {isa = PBXBuildFile; fileRef = 90C1251D21B1A77B00E890F6 /* TextTransform+Extensions.swift */; };
		90C1254421B1A77B00E890F6 /* TextStyle+Extensions.swift in Sources */ = {isa = PBXBuildFile; fileRef = 90C1251E21B1A77B00E890F6 /* TextStyle+Extensions.swift */; };
		90C1254521B1A77B00E890F6 /* Marker.swift in Sources */ = {isa = PBXBuildFile; fileRef = 90C1251F21B1A77B00E890F6 /* Marker.swift */; };
		90C1254621B1A77B00E890F6 /* LineBreakMode.swift in Sources */ = {isa = PBXBuildFile; fileRef = 90C1252321B1A77B00E890F6 /* LineBreakMode.swift */; };
		90C1254721B1A77B00E890F6 /* UITextViewExtension.swift in Sources */ = {isa = PBXBuildFile; fileRef = 90C1252521B1A77B00E890F6 /* UITextViewExtension.swift */; };
		90C1254921B1A77B00E890F6 /* Color.swift in Sources */ = {isa = PBXBuildFile; fileRef = 90C1252821B1A77B00E890F6 /* Color.swift */; };
		90C1254A21B1A77B00E890F6 /* UILabelExtension.swift in Sources */ = {isa = PBXBuildFile; fileRef = 90C1252A21B1A77B00E890F6 /* UILabelExtension.swift */; };
		90C1254B21B1A77B00E890F6 /* UITextFieldExtension.swift in Sources */ = {isa = PBXBuildFile; fileRef = 90C1252C21B1A77B00E890F6 /* UITextFieldExtension.swift */; };
		90C1254D21B1A77B00E890F6 /* UIButtonExtension.swift in Sources */ = {isa = PBXBuildFile; fileRef = 90C1252F21B1A77B00E890F6 /* UIButtonExtension.swift */; };
		90C1254F21B1A77B00E890F6 /* Font.swift in Sources */ = {isa = PBXBuildFile; fileRef = 90C1253221B1A77B00E890F6 /* Font.swift */; };
		90DB54E021A8577200549E56 /* Constant.swift in Sources */ = {isa = PBXBuildFile; fileRef = 90151C8A21A853770020BA4B /* Constant.swift */; };
		90DBE9F01FC4B327008C6914 /* TextStyleSet.swift in Sources */ = {isa = PBXBuildFile; fileRef = 90DBE9EF1FC4B327008C6914 /* TextStyleSet.swift */; };
		90DBE9F31FC4B330008C6914 /* ColorSet.swift in Sources */ = {isa = PBXBuildFile; fileRef = 90DBE9F11FC4B330008C6914 /* ColorSet.swift */; };
		90DBE9F41FC4B330008C6914 /* ColorSet+JSON.swift in Sources */ = {isa = PBXBuildFile; fileRef = 90DBE9F21FC4B330008C6914 /* ColorSet+JSON.swift */; };
		90DBE9F71FC4B356008C6914 /* LayerStyleSet.swift in Sources */ = {isa = PBXBuildFile; fileRef = 90DBE9F51FC4B356008C6914 /* LayerStyleSet.swift */; };
		90DBE9F81FC4B356008C6914 /* LayerStyleSet+JSON.swift in Sources */ = {isa = PBXBuildFile; fileRef = 90DBE9F61FC4B356008C6914 /* LayerStyleSet+JSON.swift */; };
		90FBCCAB1FCDE32500BDBEF1 /* JSONHelper.swift in Sources */ = {isa = PBXBuildFile; fileRef = 90FBCCAA1FCDE32500BDBEF1 /* JSONHelper.swift */; };
		90FBCCAD1FCDEC1E00BDBEF1 /* SwiftyJSONHelper.swift in Sources */ = {isa = PBXBuildFile; fileRef = 90FBCCAC1FCDEC1E00BDBEF1 /* SwiftyJSONHelper.swift */; };
		AB5CCF0B6D9EB7BB0CA58726 /* Pods_Kumi.framework in Frameworks */ = {isa = PBXBuildFile; fileRef = FC4CF5A50CF18BF86C3F0A5E /* Pods_Kumi.framework */; };
/* End PBXBuildFile section */

/* Begin PBXContainerItemProxy section */
		8EC736D71EB28CB60087846F /* PBXContainerItemProxy */ = {
			isa = PBXContainerItemProxy;
			containerPortal = 8EC736C31EB28CB60087846F /* Project object */;
			proxyType = 1;
			remoteGlobalIDString = 8EC736CB1EB28CB60087846F;
			remoteInfo = Kumi;
		};
/* End PBXContainerItemProxy section */

/* Begin PBXFileReference section */
		0251124A7024710B80B393FE /* Pods-KumiTests.debug.xcconfig */ = {isa = PBXFileReference; includeInIndex = 1; lastKnownFileType = text.xcconfig; name = "Pods-KumiTests.debug.xcconfig"; path = "Pods/Target Support Files/Pods-KumiTests/Pods-KumiTests.debug.xcconfig"; sourceTree = "<group>"; };
		0812025D0A8EE6C4D7589FE4 /* Pods-Kumi.release.xcconfig */ = {isa = PBXFileReference; includeInIndex = 1; lastKnownFileType = text.xcconfig; name = "Pods-Kumi.release.xcconfig"; path = "Pods/Target Support Files/Pods-Kumi/Pods-Kumi.release.xcconfig"; sourceTree = "<group>"; };
		154487341EE4AD3E00DCD7A9 /* LayerStyle+JSON.swift */ = {isa = PBXFileReference; fileEncoding = 4; lastKnownFileType = sourcecode.swift; path = "LayerStyle+JSON.swift"; sourceTree = "<group>"; };
		154487361EE4AD4E00DCD7A9 /* ShadowStyle+JSON.swift */ = {isa = PBXFileReference; fileEncoding = 4; lastKnownFileType = sourcecode.swift; path = "ShadowStyle+JSON.swift"; sourceTree = "<group>"; };
		154487381EE4AD7300DCD7A9 /* CATransform3D+JSON.swift */ = {isa = PBXFileReference; fileEncoding = 4; lastKnownFileType = sourcecode.swift; path = "CATransform3D+JSON.swift"; sourceTree = "<group>"; };
		154487391EE4AD7300DCD7A9 /* CGSize+JSON.swift */ = {isa = PBXFileReference; fileEncoding = 4; lastKnownFileType = sourcecode.swift; path = "CGSize+JSON.swift"; sourceTree = "<group>"; };
		1544873A1EE4AD7300DCD7A9 /* TextStyle+JSON.swift */ = {isa = PBXFileReference; fileEncoding = 4; lastKnownFileType = sourcecode.swift; path = "TextStyle+JSON.swift"; sourceTree = "<group>"; };
		154487521EE4D2F200DCD7A9 /* UIViewExtension.swift */ = {isa = PBXFileReference; fileEncoding = 4; lastKnownFileType = sourcecode.swift; path = UIViewExtension.swift; sourceTree = "<group>"; };
		1544875C1EE4D3A800DCD7A9 /* AnimationTheme.swift */ = {isa = PBXFileReference; fileEncoding = 4; lastKnownFileType = sourcecode.swift; path = AnimationTheme.swift; sourceTree = "<group>"; };
		154487671EE4DCE700DCD7A9 /* CABasicAnimationStyle+JSON.swift */ = {isa = PBXFileReference; fileEncoding = 4; lastKnownFileType = sourcecode.swift; path = "CABasicAnimationStyle+JSON.swift"; sourceTree = "<group>"; };
		154487691EE4DE0900DCD7A9 /* CAMediaTimingFunction+JSON.swift */ = {isa = PBXFileReference; fileEncoding = 4; lastKnownFileType = sourcecode.swift; path = "CAMediaTimingFunction+JSON.swift"; sourceTree = "<group>"; };
		1544876B1EE4DFB500DCD7A9 /* UIViewAnimationStyle+JSON.swift */ = {isa = PBXFileReference; fileEncoding = 4; lastKnownFileType = sourcecode.swift; path = "UIViewAnimationStyle+JSON.swift"; sourceTree = "<group>"; };
		8EC736CC1EB28CB60087846F /* Kumi.framework */ = {isa = PBXFileReference; explicitFileType = wrapper.framework; includeInIndex = 0; path = Kumi.framework; sourceTree = BUILT_PRODUCTS_DIR; };
		8EC736CF1EB28CB60087846F /* Kumi.h */ = {isa = PBXFileReference; lastKnownFileType = sourcecode.c.h; path = Kumi.h; sourceTree = "<group>"; };
		8EC736D01EB28CB60087846F /* Info.plist */ = {isa = PBXFileReference; lastKnownFileType = text.plist.xml; path = Info.plist; sourceTree = "<group>"; };
		8EC736D51EB28CB60087846F /* KumiTests.xctest */ = {isa = PBXFileReference; explicitFileType = wrapper.cfbundle; includeInIndex = 0; path = KumiTests.xctest; sourceTree = BUILT_PRODUCTS_DIR; };
		8EC736DC1EB28CB70087846F /* Info.plist */ = {isa = PBXFileReference; lastKnownFileType = text.plist.xml; path = Info.plist; sourceTree = "<group>"; };
		8EC737401EB292A10087846F /* AlphaValue.swift */ = {isa = PBXFileReference; fileEncoding = 4; lastKnownFileType = sourcecode.swift; path = AlphaValue.swift; sourceTree = "<group>"; };
		8EC737411EB292A10087846F /* AnimationDuration.swift */ = {isa = PBXFileReference; fileEncoding = 4; lastKnownFileType = sourcecode.swift; path = AnimationDuration.swift; sourceTree = "<group>"; };
		8EC737431EB292A10087846F /* BorderWidth.swift */ = {isa = PBXFileReference; fileEncoding = 4; lastKnownFileType = sourcecode.swift; path = BorderWidth.swift; sourceTree = "<group>"; };
		8EC737451EB292A10087846F /* CALayerExtension.swift */ = {isa = PBXFileReference; fileEncoding = 4; lastKnownFileType = sourcecode.swift; path = CALayerExtension.swift; sourceTree = "<group>"; };
		8EC737461EB292A10087846F /* CornerRadius.swift */ = {isa = PBXFileReference; fileEncoding = 4; lastKnownFileType = sourcecode.swift; path = CornerRadius.swift; sourceTree = "<group>"; };
		8EC7374B1EB292A10087846F /* UIColor+Extensions.swift */ = {isa = PBXFileReference; fileEncoding = 4; lastKnownFileType = sourcecode.swift; path = "UIColor+Extensions.swift"; sourceTree = "<group>"; };
		8EC737621EB38FF30087846F /* Kumi.swift */ = {isa = PBXFileReference; fileEncoding = 4; lastKnownFileType = sourcecode.swift; path = Kumi.swift; sourceTree = "<group>"; };
		8EC7376A1EB3984B0087846F /* UIColor+JSON.swift */ = {isa = PBXFileReference; fileEncoding = 4; lastKnownFileType = sourcecode.swift; path = "UIColor+JSON.swift"; sourceTree = "<group>"; };
		8EC7376D1EB39FA40087846F /* JSONHelper.swift */ = {isa = PBXFileReference; fileEncoding = 4; lastKnownFileType = sourcecode.swift; path = JSONHelper.swift; sourceTree = "<group>"; };
		8EC737821EB3B9DB0087846F /* ThemeTests.swift */ = {isa = PBXFileReference; fileEncoding = 4; lastKnownFileType = sourcecode.swift; path = ThemeTests.swift; sourceTree = "<group>"; };
		8EC737861EB3CBA90087846F /* CABasicAnimationStyle.swift */ = {isa = PBXFileReference; fileEncoding = 4; lastKnownFileType = sourcecode.swift; path = CABasicAnimationStyle.swift; sourceTree = "<group>"; };
		8EC737871EB3CBA90087846F /* UIViewAnimationStyle.swift */ = {isa = PBXFileReference; fileEncoding = 4; lastKnownFileType = sourcecode.swift; path = UIViewAnimationStyle.swift; sourceTree = "<group>"; };
		8EC737891EB3CBA90087846F /* ColorTheme.swift */ = {isa = PBXFileReference; fileEncoding = 4; lastKnownFileType = sourcecode.swift; path = ColorTheme.swift; sourceTree = "<group>"; };
		8EC7378B1EB3CBA90087846F /* FontTheme.swift */ = {isa = PBXFileReference; fileEncoding = 4; lastKnownFileType = sourcecode.swift; path = FontTheme.swift; sourceTree = "<group>"; };
		8EC7378D1EB3CBA90087846F /* LayerStyle.swift */ = {isa = PBXFileReference; fileEncoding = 4; lastKnownFileType = sourcecode.swift; path = LayerStyle.swift; sourceTree = "<group>"; };
		8EC7378E1EB3CBA90087846F /* LayerTheme.swift */ = {isa = PBXFileReference; fileEncoding = 4; lastKnownFileType = sourcecode.swift; path = LayerTheme.swift; sourceTree = "<group>"; };
		8EC737901EB3CBA90087846F /* ShadowStyle.swift */ = {isa = PBXFileReference; fileEncoding = 4; lastKnownFileType = sourcecode.swift; path = ShadowStyle.swift; sourceTree = "<group>"; };
		8EC737911EB3CBA90087846F /* ShadowTheme.swift */ = {isa = PBXFileReference; fileEncoding = 4; lastKnownFileType = sourcecode.swift; path = ShadowTheme.swift; sourceTree = "<group>"; };
		90151C8A21A853770020BA4B /* Constant.swift */ = {isa = PBXFileReference; lastKnownFileType = sourcecode.swift; path = Constant.swift; sourceTree = "<group>"; };
		9019497B21AC733100AC2B67 /* UIEdgeInsets+JSON.swift */ = {isa = PBXFileReference; lastKnownFileType = sourcecode.swift; path = "UIEdgeInsets+JSON.swift"; sourceTree = "<group>"; };
		90A3412721AA3B5400788705 /* String+Extension.swift */ = {isa = PBXFileReference; lastKnownFileType = sourcecode.swift; path = "String+Extension.swift"; sourceTree = "<group>"; };
		90A3412921AA42B000788705 /* Theme.json */ = {isa = PBXFileReference; fileEncoding = 4; lastKnownFileType = text.json; path = Theme.json; sourceTree = "<group>"; };
		90A3412D21AA455800788705 /* Generics.swift */ = {isa = PBXFileReference; lastKnownFileType = sourcecode.swift; path = Generics.swift; sourceTree = "<group>"; };
		90C1250C21B1A77B00E890F6 /* TextAttributes.swift */ = {isa = PBXFileReference; fileEncoding = 4; lastKnownFileType = sourcecode.swift; path = TextAttributes.swift; sourceTree = "<group>"; };
		90C1250D21B1A77B00E890F6 /* TextTransform.swift */ = {isa = PBXFileReference; fileEncoding = 4; lastKnownFileType = sourcecode.swift; path = TextTransform.swift; sourceTree = "<group>"; };
		90C1250E21B1A77B00E890F6 /* TextStyle.swift */ = {isa = PBXFileReference; fileEncoding = 4; lastKnownFileType = sourcecode.swift; path = TextStyle.swift; sourceTree = "<group>"; };
		90C1250F21B1A77B00E890F6 /* NSAttributedString+Extensions.swift */ = {isa = PBXFileReference; fileEncoding = 4; lastKnownFileType = sourcecode.swift; path = "NSAttributedString+Extensions.swift"; sourceTree = "<group>"; };
		90C1251121B1A77B00E890F6 /* String+Extensions.swift */ = {isa = PBXFileReference; fileEncoding = 4; lastKnownFileType = sourcecode.swift; path = "String+Extensions.swift"; sourceTree = "<group>"; };
		90C1251221B1A77B00E890F6 /* TagParser.swift */ = {isa = PBXFileReference; fileEncoding = 4; lastKnownFileType = sourcecode.swift; path = TagParser.swift; sourceTree = "<group>"; };
		90C1251321B1A77B00E890F6 /* MarkdownParser.swift */ = {isa = PBXFileReference; fileEncoding = 4; lastKnownFileType = sourcecode.swift; path = MarkdownParser.swift; sourceTree = "<group>"; };
		90C1251421B1A77B00E890F6 /* Element.swift */ = {isa = PBXFileReference; fileEncoding = 4; lastKnownFileType = sourcecode.swift; path = Element.swift; sourceTree = "<group>"; };
		90C1251521B1A77B00E890F6 /* ElementParser.swift */ = {isa = PBXFileReference; fileEncoding = 4; lastKnownFileType = sourcecode.swift; path = ElementParser.swift; sourceTree = "<group>"; };
		90C1251621B1A77B00E890F6 /* Rule.swift */ = {isa = PBXFileReference; fileEncoding = 4; lastKnownFileType = sourcecode.swift; path = Rule.swift; sourceTree = "<group>"; };
		90C1251721B1A77B00E890F6 /* TokenParser.swift */ = {isa = PBXFileReference; fileEncoding = 4; lastKnownFileType = sourcecode.swift; path = TokenParser.swift; sourceTree = "<group>"; };
		90C1251821B1A77B00E890F6 /* MarkdownElement.swift */ = {isa = PBXFileReference; fileEncoding = 4; lastKnownFileType = sourcecode.swift; path = MarkdownElement.swift; sourceTree = "<group>"; };
		90C1251921B1A77B00E890F6 /* Tag.swift */ = {isa = PBXFileReference; fileEncoding = 4; lastKnownFileType = sourcecode.swift; path = Tag.swift; sourceTree = "<group>"; };
		90C1251A21B1A77B00E890F6 /* Token.swift */ = {isa = PBXFileReference; fileEncoding = 4; lastKnownFileType = sourcecode.swift; path = Token.swift; sourceTree = "<group>"; };
		90C1251B21B1A77B00E890F6 /* Symbol.swift */ = {isa = PBXFileReference; fileEncoding = 4; lastKnownFileType = sourcecode.swift; path = Symbol.swift; sourceTree = "<group>"; };
		90C1251C21B1A77B00E890F6 /* Markup.swift */ = {isa = PBXFileReference; fileEncoding = 4; lastKnownFileType = sourcecode.swift; path = Markup.swift; sourceTree = "<group>"; };
		90C1251D21B1A77B00E890F6 /* TextTransform+Extensions.swift */ = {isa = PBXFileReference; fileEncoding = 4; lastKnownFileType = sourcecode.swift; path = "TextTransform+Extensions.swift"; sourceTree = "<group>"; };
		90C1251E21B1A77B00E890F6 /* TextStyle+Extensions.swift */ = {isa = PBXFileReference; fileEncoding = 4; lastKnownFileType = sourcecode.swift; path = "TextStyle+Extensions.swift"; sourceTree = "<group>"; };
		90C1251F21B1A77B00E890F6 /* Marker.swift */ = {isa = PBXFileReference; fileEncoding = 4; lastKnownFileType = sourcecode.swift; path = Marker.swift; sourceTree = "<group>"; };
		90C1252321B1A77B00E890F6 /* LineBreakMode.swift */ = {isa = PBXFileReference; fileEncoding = 4; lastKnownFileType = sourcecode.swift; path = LineBreakMode.swift; sourceTree = "<group>"; };
		90C1252521B1A77B00E890F6 /* UITextViewExtension.swift */ = {isa = PBXFileReference; fileEncoding = 4; lastKnownFileType = sourcecode.swift; path = UITextViewExtension.swift; sourceTree = "<group>"; };
		90C1252821B1A77B00E890F6 /* Color.swift */ = {isa = PBXFileReference; fileEncoding = 4; lastKnownFileType = sourcecode.swift; path = Color.swift; sourceTree = "<group>"; };
		90C1252A21B1A77B00E890F6 /* UILabelExtension.swift */ = {isa = PBXFileReference; fileEncoding = 4; lastKnownFileType = sourcecode.swift; path = UILabelExtension.swift; sourceTree = "<group>"; };
		90C1252C21B1A77B00E890F6 /* UITextFieldExtension.swift */ = {isa = PBXFileReference; fileEncoding = 4; lastKnownFileType = sourcecode.swift; path = UITextFieldExtension.swift; sourceTree = "<group>"; };
		90C1252F21B1A77B00E890F6 /* UIButtonExtension.swift */ = {isa = PBXFileReference; fileEncoding = 4; lastKnownFileType = sourcecode.swift; path = UIButtonExtension.swift; sourceTree = "<group>"; };
		90C1253221B1A77B00E890F6 /* Font.swift */ = {isa = PBXFileReference; fileEncoding = 4; lastKnownFileType = sourcecode.swift; path = Font.swift; sourceTree = "<group>"; };
		90DBE9EF1FC4B327008C6914 /* TextStyleSet.swift */ = {isa = PBXFileReference; fileEncoding = 4; lastKnownFileType = sourcecode.swift; path = TextStyleSet.swift; sourceTree = "<group>"; };
		90DBE9F11FC4B330008C6914 /* ColorSet.swift */ = {isa = PBXFileReference; fileEncoding = 4; lastKnownFileType = sourcecode.swift; path = ColorSet.swift; sourceTree = "<group>"; };
		90DBE9F21FC4B330008C6914 /* ColorSet+JSON.swift */ = {isa = PBXFileReference; fileEncoding = 4; lastKnownFileType = sourcecode.swift; path = "ColorSet+JSON.swift"; sourceTree = "<group>"; };
		90DBE9F51FC4B356008C6914 /* LayerStyleSet.swift */ = {isa = PBXFileReference; fileEncoding = 4; lastKnownFileType = sourcecode.swift; path = LayerStyleSet.swift; sourceTree = "<group>"; };
		90DBE9F61FC4B356008C6914 /* LayerStyleSet+JSON.swift */ = {isa = PBXFileReference; fileEncoding = 4; lastKnownFileType = sourcecode.swift; path = "LayerStyleSet+JSON.swift"; sourceTree = "<group>"; };
		90FBCCAA1FCDE32500BDBEF1 /* JSONHelper.swift */ = {isa = PBXFileReference; lastKnownFileType = sourcecode.swift; path = JSONHelper.swift; sourceTree = "<group>"; };
		90FBCCAC1FCDEC1E00BDBEF1 /* SwiftyJSONHelper.swift */ = {isa = PBXFileReference; lastKnownFileType = sourcecode.swift; path = SwiftyJSONHelper.swift; sourceTree = "<group>"; };
		96B214361F8486E6AC17A2EE /* Pods_KumiTests.framework */ = {isa = PBXFileReference; explicitFileType = wrapper.framework; includeInIndex = 0; path = Pods_KumiTests.framework; sourceTree = BUILT_PRODUCTS_DIR; };
		A2015E1EE26E9062197C1AA4 /* Pods-Kumi.debug.xcconfig */ = {isa = PBXFileReference; includeInIndex = 1; lastKnownFileType = text.xcconfig; name = "Pods-Kumi.debug.xcconfig"; path = "Pods/Target Support Files/Pods-Kumi/Pods-Kumi.debug.xcconfig"; sourceTree = "<group>"; };
		C969D8DFF51173F62569A900 /* Pods-KumiTests.release.xcconfig */ = {isa = PBXFileReference; includeInIndex = 1; lastKnownFileType = text.xcconfig; name = "Pods-KumiTests.release.xcconfig"; path = "Pods/Target Support Files/Pods-KumiTests/Pods-KumiTests.release.xcconfig"; sourceTree = "<group>"; };
		FC4CF5A50CF18BF86C3F0A5E /* Pods_Kumi.framework */ = {isa = PBXFileReference; explicitFileType = wrapper.framework; includeInIndex = 0; path = Pods_Kumi.framework; sourceTree = BUILT_PRODUCTS_DIR; };
/* End PBXFileReference section */

/* Begin PBXFrameworksBuildPhase section */
		8EC736C81EB28CB60087846F /* Frameworks */ = {
			isa = PBXFrameworksBuildPhase;
			buildActionMask = 2147483647;
			files = (
				AB5CCF0B6D9EB7BB0CA58726 /* Pods_Kumi.framework in Frameworks */,
			);
			runOnlyForDeploymentPostprocessing = 0;
		};
		8EC736D21EB28CB60087846F /* Frameworks */ = {
			isa = PBXFrameworksBuildPhase;
			buildActionMask = 2147483647;
			files = (
				8EC736D61EB28CB60087846F /* Kumi.framework in Frameworks */,
				739AA7F5FC65EFB5B8C836AC /* Pods_KumiTests.framework in Frameworks */,
			);
			runOnlyForDeploymentPostprocessing = 0;
		};
/* End PBXFrameworksBuildPhase section */

/* Begin PBXGroup section */
		5F79F9AF9E8405D517EA61F7 /* Frameworks */ = {
			isa = PBXGroup;
			children = (
				FC4CF5A50CF18BF86C3F0A5E /* Pods_Kumi.framework */,
				96B214361F8486E6AC17A2EE /* Pods_KumiTests.framework */,
			);
			name = Frameworks;
			sourceTree = "<group>";
		};
		8EC736C21EB28CB60087846F = {
			isa = PBXGroup;
			children = (
				8EC736CE1EB28CB60087846F /* Kumi */,
				8EC736D91EB28CB70087846F /* KumiTests */,
				8EC736CD1EB28CB60087846F /* Products */,
				F32D11083DE4B5B87424B869 /* Pods */,
				5F79F9AF9E8405D517EA61F7 /* Frameworks */,
			);
			sourceTree = "<group>";
		};
		8EC736CD1EB28CB60087846F /* Products */ = {
			isa = PBXGroup;
			children = (
				8EC736CC1EB28CB60087846F /* Kumi.framework */,
				8EC736D51EB28CB60087846F /* KumiTests.xctest */,
			);
			name = Products;
			sourceTree = "<group>";
		};
		8EC736CE1EB28CB60087846F /* Kumi */ = {
			isa = PBXGroup;
			children = (
				8EC736CF1EB28CB60087846F /* Kumi.h */,
				90C1250B21B1A77B00E890F6 /* Marker */,
				8EC7371F1EB291C70087846F /* Core */,
				8EC736D01EB28CB60087846F /* Info.plist */,
			);
			path = Kumi;
			sourceTree = "<group>";
		};
		8EC736D91EB28CB70087846F /* KumiTests */ = {
			isa = PBXGroup;
			children = (
				8EC7377F1EB3B9D20087846F /* Theme */,
				8EC7376C1EB39F690087846F /* Utility */,
				8EC736DC1EB28CB70087846F /* Info.plist */,
			);
			path = KumiTests;
			sourceTree = "<group>";
		};
		8EC7371F1EB291C70087846F /* Core */ = {
			isa = PBXGroup;
			children = (
				8EC737841EB3CBA90087846F /* Animation */,
				8EC737881EB3CBA90087846F /* Color */,
				8EC7378A1EB3CBA90087846F /* Font */,
				90A3412C21AA454B00788705 /* Generics */,
				8EC7378C1EB3CBA90087846F /* Layer */,
				8EC7378F1EB3CBA90087846F /* Shadow */,
				8EC7373F1EB292A10087846F /* Utility */,
				8EC737621EB38FF30087846F /* Kumi.swift */,
				90151C8A21A853770020BA4B /* Constant.swift */,
			);
			path = Core;
			sourceTree = "<group>";
		};
		8EC7373F1EB292A10087846F /* Utility */ = {
			isa = PBXGroup;
			children = (
				8EC737401EB292A10087846F /* AlphaValue.swift */,
				154487691EE4DE0900DCD7A9 /* CAMediaTimingFunction+JSON.swift */,
				154487521EE4D2F200DCD7A9 /* UIViewExtension.swift */,
				8EC737411EB292A10087846F /* AnimationDuration.swift */,
				8EC737431EB292A10087846F /* BorderWidth.swift */,
				8EC737451EB292A10087846F /* CALayerExtension.swift */,
				8EC737461EB292A10087846F /* CornerRadius.swift */,
				8EC7374B1EB292A10087846F /* UIColor+Extensions.swift */,
				8EC7376A1EB3984B0087846F /* UIColor+JSON.swift */,
				154487381EE4AD7300DCD7A9 /* CATransform3D+JSON.swift */,
				154487391EE4AD7300DCD7A9 /* CGSize+JSON.swift */,
				9019497B21AC733100AC2B67 /* UIEdgeInsets+JSON.swift */,
				1544873A1EE4AD7300DCD7A9 /* TextStyle+JSON.swift */,
				90FBCCAA1FCDE32500BDBEF1 /* JSONHelper.swift */,
				90FBCCAC1FCDEC1E00BDBEF1 /* SwiftyJSONHelper.swift */,
				90A3412721AA3B5400788705 /* String+Extension.swift */,
			);
			path = Utility;
			sourceTree = "<group>";
		};
		8EC7376C1EB39F690087846F /* Utility */ = {
			isa = PBXGroup;
			children = (
				8EC7376D1EB39FA40087846F /* JSONHelper.swift */,
			);
			path = Utility;
			sourceTree = "<group>";
		};
		8EC7377F1EB3B9D20087846F /* Theme */ = {
			isa = PBXGroup;
			children = (
				90A3412921AA42B000788705 /* Theme.json */,
				8EC737821EB3B9DB0087846F /* ThemeTests.swift */,
			);
			path = Theme;
			sourceTree = "<group>";
		};
		8EC737841EB3CBA90087846F /* Animation */ = {
			isa = PBXGroup;
			children = (
				1544875C1EE4D3A800DCD7A9 /* AnimationTheme.swift */,
				8EC737861EB3CBA90087846F /* CABasicAnimationStyle.swift */,
				154487671EE4DCE700DCD7A9 /* CABasicAnimationStyle+JSON.swift */,
				8EC737871EB3CBA90087846F /* UIViewAnimationStyle.swift */,
				1544876B1EE4DFB500DCD7A9 /* UIViewAnimationStyle+JSON.swift */,
			);
			path = Animation;
			sourceTree = "<group>";
		};
		8EC737881EB3CBA90087846F /* Color */ = {
			isa = PBXGroup;
			children = (
				90DBE9F11FC4B330008C6914 /* ColorSet.swift */,
				90DBE9F21FC4B330008C6914 /* ColorSet+JSON.swift */,
				8EC737891EB3CBA90087846F /* ColorTheme.swift */,
			);
			path = Color;
			sourceTree = "<group>";
		};
		8EC7378A1EB3CBA90087846F /* Font */ = {
			isa = PBXGroup;
			children = (
				90DBE9EF1FC4B327008C6914 /* TextStyleSet.swift */,
				8EC7378B1EB3CBA90087846F /* FontTheme.swift */,
			);
			path = Font;
			sourceTree = "<group>";
		};
		8EC7378C1EB3CBA90087846F /* Layer */ = {
			isa = PBXGroup;
			children = (
				90DBE9F51FC4B356008C6914 /* LayerStyleSet.swift */,
				90DBE9F61FC4B356008C6914 /* LayerStyleSet+JSON.swift */,
				8EC7378D1EB3CBA90087846F /* LayerStyle.swift */,
				154487341EE4AD3E00DCD7A9 /* LayerStyle+JSON.swift */,
				8EC7378E1EB3CBA90087846F /* LayerTheme.swift */,
			);
			path = Layer;
			sourceTree = "<group>";
		};
		8EC7378F1EB3CBA90087846F /* Shadow */ = {
			isa = PBXGroup;
			children = (
				8EC737901EB3CBA90087846F /* ShadowStyle.swift */,
				154487361EE4AD4E00DCD7A9 /* ShadowStyle+JSON.swift */,
				8EC737911EB3CBA90087846F /* ShadowTheme.swift */,
			);
			path = Shadow;
			sourceTree = "<group>";
		};
		90A3412C21AA454B00788705 /* Generics */ = {
			isa = PBXGroup;
			children = (
				90A3412D21AA455800788705 /* Generics.swift */,
			);
			path = Generics;
			sourceTree = "<group>";
		};
		90C1250B21B1A77B00E890F6 /* Marker */ = {
			isa = PBXGroup;
			children = (
				90C1250C21B1A77B00E890F6 /* TextAttributes.swift */,
				90C1250D21B1A77B00E890F6 /* TextTransform.swift */,
				90C1250E21B1A77B00E890F6 /* TextStyle.swift */,
				90C1250F21B1A77B00E890F6 /* NSAttributedString+Extensions.swift */,
				90C1251021B1A77B00E890F6 /* Parser */,
				90C1251C21B1A77B00E890F6 /* Markup.swift */,
				90C1251D21B1A77B00E890F6 /* TextTransform+Extensions.swift */,
				90C1251E21B1A77B00E890F6 /* TextStyle+Extensions.swift */,
				90C1251F21B1A77B00E890F6 /* Marker.swift */,
				90C1252021B1A77B00E890F6 /* Utility */,
			);
			path = Marker;
			sourceTree = "<group>";
		};
		90C1251021B1A77B00E890F6 /* Parser */ = {
			isa = PBXGroup;
			children = (
				90C1251121B1A77B00E890F6 /* String+Extensions.swift */,
				90C1251221B1A77B00E890F6 /* TagParser.swift */,
				90C1251321B1A77B00E890F6 /* MarkdownParser.swift */,
				90C1251421B1A77B00E890F6 /* Element.swift */,
				90C1251521B1A77B00E890F6 /* ElementParser.swift */,
				90C1251621B1A77B00E890F6 /* Rule.swift */,
				90C1251721B1A77B00E890F6 /* TokenParser.swift */,
				90C1251821B1A77B00E890F6 /* MarkdownElement.swift */,
				90C1251921B1A77B00E890F6 /* Tag.swift */,
				90C1251A21B1A77B00E890F6 /* Token.swift */,
				90C1251B21B1A77B00E890F6 /* Symbol.swift */,
			);
			path = Parser;
			sourceTree = "<group>";
		};
		90C1252021B1A77B00E890F6 /* Utility */ = {
			isa = PBXGroup;
			children = (
				90C1252121B1A77B00E890F6 /* Extensions */,
			);
			path = Utility;
			sourceTree = "<group>";
		};
		90C1252121B1A77B00E890F6 /* Extensions */ = {
			isa = PBXGroup;
			children = (
				90C1252221B1A77B00E890F6 /* LineBreakMode */,
				90C1252421B1A77B00E890F6 /* TextView */,
				90C1252721B1A77B00E890F6 /* Color */,
				90C1252921B1A77B00E890F6 /* Label */,
				90C1252B21B1A77B00E890F6 /* TextField */,
				90C1252E21B1A77B00E890F6 /* Button */,
				90C1253121B1A77B00E890F6 /* Font */,
			);
			path = Extensions;
			sourceTree = "<group>";
		};
		90C1252221B1A77B00E890F6 /* LineBreakMode */ = {
			isa = PBXGroup;
			children = (
				90C1252321B1A77B00E890F6 /* LineBreakMode.swift */,
			);
			path = LineBreakMode;
			sourceTree = "<group>";
		};
		90C1252421B1A77B00E890F6 /* TextView */ = {
			isa = PBXGroup;
			children = (
				90C1252521B1A77B00E890F6 /* UITextViewExtension.swift */,
			);
			path = TextView;
			sourceTree = "<group>";
		};
		90C1252721B1A77B00E890F6 /* Color */ = {
			isa = PBXGroup;
			children = (
				90C1252821B1A77B00E890F6 /* Color.swift */,
			);
			path = Color;
			sourceTree = "<group>";
		};
		90C1252921B1A77B00E890F6 /* Label */ = {
			isa = PBXGroup;
			children = (
				90C1252A21B1A77B00E890F6 /* UILabelExtension.swift */,
			);
			path = Label;
			sourceTree = "<group>";
		};
		90C1252B21B1A77B00E890F6 /* TextField */ = {
			isa = PBXGroup;
			children = (
				90C1252C21B1A77B00E890F6 /* UITextFieldExtension.swift */,
			);
			path = TextField;
			sourceTree = "<group>";
		};
		90C1252E21B1A77B00E890F6 /* Button */ = {
			isa = PBXGroup;
			children = (
				90C1252F21B1A77B00E890F6 /* UIButtonExtension.swift */,
			);
			path = Button;
			sourceTree = "<group>";
		};
		90C1253121B1A77B00E890F6 /* Font */ = {
			isa = PBXGroup;
			children = (
				90C1253221B1A77B00E890F6 /* Font.swift */,
			);
			path = Font;
			sourceTree = "<group>";
		};
		F32D11083DE4B5B87424B869 /* Pods */ = {
			isa = PBXGroup;
			children = (
				A2015E1EE26E9062197C1AA4 /* Pods-Kumi.debug.xcconfig */,
				0812025D0A8EE6C4D7589FE4 /* Pods-Kumi.release.xcconfig */,
				0251124A7024710B80B393FE /* Pods-KumiTests.debug.xcconfig */,
				C969D8DFF51173F62569A900 /* Pods-KumiTests.release.xcconfig */,
			);
			name = Pods;
			sourceTree = "<group>";
		};
/* End PBXGroup section */

/* Begin PBXHeadersBuildPhase section */
		8EC736C91EB28CB60087846F /* Headers */ = {
			isa = PBXHeadersBuildPhase;
			buildActionMask = 2147483647;
			files = (
				8EC736DD1EB28CB70087846F /* Kumi.h in Headers */,
			);
			runOnlyForDeploymentPostprocessing = 0;
		};
/* End PBXHeadersBuildPhase section */

/* Begin PBXNativeTarget section */
		8EC736CB1EB28CB60087846F /* Kumi */ = {
			isa = PBXNativeTarget;
			buildConfigurationList = 8EC736E01EB28CB70087846F /* Build configuration list for PBXNativeTarget "Kumi" */;
			buildPhases = (
				585CBC04231949CD5625FC69 /* [CP] Check Pods Manifest.lock */,
				8EC736C71EB28CB60087846F /* Sources */,
				8EC736C81EB28CB60087846F /* Frameworks */,
				8EC736C91EB28CB60087846F /* Headers */,
				8EC736CA1EB28CB60087846F /* Resources */,
			);
			buildRules = (
			);
			dependencies = (
			);
			name = Kumi;
			productName = Kumi;
			productReference = 8EC736CC1EB28CB60087846F /* Kumi.framework */;
			productType = "com.apple.product-type.framework";
		};
		8EC736D41EB28CB60087846F /* KumiTests */ = {
			isa = PBXNativeTarget;
			buildConfigurationList = 8EC736E31EB28CB70087846F /* Build configuration list for PBXNativeTarget "KumiTests" */;
			buildPhases = (
				D8759F2CF40E51A495AC2621 /* [CP] Check Pods Manifest.lock */,
				8EC736D11EB28CB60087846F /* Sources */,
				8EC736D21EB28CB60087846F /* Frameworks */,
				8EC736D31EB28CB60087846F /* Resources */,
				C8DF7ABC0BCFF8F77D3A256F /* [CP] Embed Pods Frameworks */,
			);
			buildRules = (
			);
			dependencies = (
				8EC736D81EB28CB60087846F /* PBXTargetDependency */,
			);
			name = KumiTests;
			productName = KumiTests;
			productReference = 8EC736D51EB28CB60087846F /* KumiTests.xctest */;
			productType = "com.apple.product-type.bundle.unit-test";
		};
/* End PBXNativeTarget section */

/* Begin PBXProject section */
		8EC736C31EB28CB60087846F /* Project object */ = {
			isa = PBXProject;
			attributes = {
				LastSwiftUpdateCheck = 0830;
				LastUpgradeCheck = 1020;
				ORGANIZATIONNAME = "Prolific Interactive";
				TargetAttributes = {
					8EC736CB1EB28CB60087846F = {
						CreatedOnToolsVersion = 8.3.2;
						LastSwiftMigration = 1020;
						ProvisioningStyle = Automatic;
					};
					8EC736D41EB28CB60087846F = {
						CreatedOnToolsVersion = 8.3.2;
						DevelopmentTeam = 7J5JZ3G2QB;
						LastSwiftMigration = 0900;
						ProvisioningStyle = Automatic;
					};
				};
			};
			buildConfigurationList = 8EC736C61EB28CB60087846F /* Build configuration list for PBXProject "Kumi" */;
			compatibilityVersion = "Xcode 3.2";
			developmentRegion = en;
			hasScannedForEncodings = 0;
			knownRegions = (
				en,
				Base,
			);
			mainGroup = 8EC736C21EB28CB60087846F;
			productRefGroup = 8EC736CD1EB28CB60087846F /* Products */;
			projectDirPath = "";
			projectRoot = "";
			targets = (
				8EC736CB1EB28CB60087846F /* Kumi */,
				8EC736D41EB28CB60087846F /* KumiTests */,
			);
		};
/* End PBXProject section */

/* Begin PBXResourcesBuildPhase section */
		8EC736CA1EB28CB60087846F /* Resources */ = {
			isa = PBXResourcesBuildPhase;
			buildActionMask = 2147483647;
			files = (
			);
			runOnlyForDeploymentPostprocessing = 0;
		};
		8EC736D31EB28CB60087846F /* Resources */ = {
			isa = PBXResourcesBuildPhase;
			buildActionMask = 2147483647;
			files = (
				90A3412A21AA42B000788705 /* Theme.json in Resources */,
			);
			runOnlyForDeploymentPostprocessing = 0;
		};
/* End PBXResourcesBuildPhase section */

/* Begin PBXShellScriptBuildPhase section */
		585CBC04231949CD5625FC69 /* [CP] Check Pods Manifest.lock */ = {
			isa = PBXShellScriptBuildPhase;
			buildActionMask = 2147483647;
			files = (
			);
			inputPaths = (
				"${PODS_PODFILE_DIR_PATH}/Podfile.lock",
				"${PODS_ROOT}/Manifest.lock",
			);
			name = "[CP] Check Pods Manifest.lock";
			outputPaths = (
				"$(DERIVED_FILE_DIR)/Pods-Kumi-checkManifestLockResult.txt",
			);
			runOnlyForDeploymentPostprocessing = 0;
			shellPath = /bin/sh;
			shellScript = "diff \"${PODS_PODFILE_DIR_PATH}/Podfile.lock\" \"${PODS_ROOT}/Manifest.lock\" > /dev/null\nif [ $? != 0 ] ; then\n    # print error to STDERR\n    echo \"error: The sandbox is not in sync with the Podfile.lock. Run 'pod install' or update your CocoaPods installation.\" >&2\n    exit 1\nfi\n# This output is used by Xcode 'outputs' to avoid re-running this script phase.\necho \"SUCCESS\" > \"${SCRIPT_OUTPUT_FILE_0}\"\n";
			showEnvVarsInLog = 0;
		};
		C8DF7ABC0BCFF8F77D3A256F /* [CP] Embed Pods Frameworks */ = {
			isa = PBXShellScriptBuildPhase;
			buildActionMask = 2147483647;
			files = (
			);
			inputPaths = (
				"${PODS_ROOT}/Target Support Files/Pods-KumiTests/Pods-KumiTests-frameworks.sh",
				"${BUILT_PRODUCTS_DIR}/Kumi/Kumi.framework",
				"${BUILT_PRODUCTS_DIR}/SwiftyJSON/SwiftyJSON.framework",
			);
			name = "[CP] Embed Pods Frameworks";
			outputPaths = (
				"${TARGET_BUILD_DIR}/${FRAMEWORKS_FOLDER_PATH}/Kumi.framework",
				"${TARGET_BUILD_DIR}/${FRAMEWORKS_FOLDER_PATH}/SwiftyJSON.framework",
			);
			runOnlyForDeploymentPostprocessing = 0;
			shellPath = /bin/sh;
			shellScript = "\"${PODS_ROOT}/Target Support Files/Pods-KumiTests/Pods-KumiTests-frameworks.sh\"\n";
			showEnvVarsInLog = 0;
		};
		D8759F2CF40E51A495AC2621 /* [CP] Check Pods Manifest.lock */ = {
			isa = PBXShellScriptBuildPhase;
			buildActionMask = 2147483647;
			files = (
			);
			inputPaths = (
				"${PODS_PODFILE_DIR_PATH}/Podfile.lock",
				"${PODS_ROOT}/Manifest.lock",
			);
			name = "[CP] Check Pods Manifest.lock";
			outputPaths = (
				"$(DERIVED_FILE_DIR)/Pods-KumiTests-checkManifestLockResult.txt",
			);
			runOnlyForDeploymentPostprocessing = 0;
			shellPath = /bin/sh;
			shellScript = "diff \"${PODS_PODFILE_DIR_PATH}/Podfile.lock\" \"${PODS_ROOT}/Manifest.lock\" > /dev/null\nif [ $? != 0 ] ; then\n    # print error to STDERR\n    echo \"error: The sandbox is not in sync with the Podfile.lock. Run 'pod install' or update your CocoaPods installation.\" >&2\n    exit 1\nfi\n# This output is used by Xcode 'outputs' to avoid re-running this script phase.\necho \"SUCCESS\" > \"${SCRIPT_OUTPUT_FILE_0}\"\n";
			showEnvVarsInLog = 0;
		};
/* End PBXShellScriptBuildPhase section */

/* Begin PBXSourcesBuildPhase section */
		8EC736C71EB28CB60087846F /* Sources */ = {
			isa = PBXSourcesBuildPhase;
			buildActionMask = 2147483647;
			files = (
				90C1253521B1A77B00E890F6 /* TextStyle.swift in Sources */,
				90C1254321B1A77B00E890F6 /* TextTransform+Extensions.swift in Sources */,
				154487351EE4AD3E00DCD7A9 /* LayerStyle+JSON.swift in Sources */,
				90DB54E021A8577200549E56 /* Constant.swift in Sources */,
				1544873C1EE4AD7300DCD7A9 /* CGSize+JSON.swift in Sources */,
				8EC737531EB292A10087846F /* CornerRadius.swift in Sources */,
				90C1254121B1A77B00E890F6 /* Symbol.swift in Sources */,
				90C1254B21B1A77B00E890F6 /* UITextFieldExtension.swift in Sources */,
				90C1254D21B1A77B00E890F6 /* UIButtonExtension.swift in Sources */,
				8EC737521EB292A10087846F /* CALayerExtension.swift in Sources */,
				90C1253821B1A77B00E890F6 /* TagParser.swift in Sources */,
				90C1253321B1A77B00E890F6 /* TextAttributes.swift in Sources */,
				8EC737931EB3CBA90087846F /* CABasicAnimationStyle.swift in Sources */,
				90FBCCAB1FCDE32500BDBEF1 /* JSONHelper.swift in Sources */,
				90C1253D21B1A77B00E890F6 /* TokenParser.swift in Sources */,
				90DBE9F01FC4B327008C6914 /* TextStyleSet.swift in Sources */,
				90C1253921B1A77B00E890F6 /* MarkdownParser.swift in Sources */,
				8EC737991EB3CBA90087846F /* ShadowStyle.swift in Sources */,
				90C1254621B1A77B00E890F6 /* LineBreakMode.swift in Sources */,
				8EC7374D1EB292A10087846F /* AlphaValue.swift in Sources */,
				90C1254021B1A77B00E890F6 /* Token.swift in Sources */,
				90DBE9F31FC4B330008C6914 /* ColorSet.swift in Sources */,
				8EC737951EB3CBA90087846F /* ColorTheme.swift in Sources */,
				90FBCCAD1FCDEC1E00BDBEF1 /* SwiftyJSONHelper.swift in Sources */,
				8EC737971EB3CBA90087846F /* LayerStyle.swift in Sources */,
				8EC7376B1EB3984B0087846F /* UIColor+JSON.swift in Sources */,
				90C1253B21B1A77B00E890F6 /* ElementParser.swift in Sources */,
				1544875D1EE4D3A800DCD7A9 /* AnimationTheme.swift in Sources */,
				90A3412821AA3B5400788705 /* String+Extension.swift in Sources */,
				8EC737961EB3CBA90087846F /* FontTheme.swift in Sources */,
				8EC7374E1EB292A10087846F /* AnimationDuration.swift in Sources */,
				90DBE9F41FC4B330008C6914 /* ColorSet+JSON.swift in Sources */,
				90C1254A21B1A77B00E890F6 /* UILabelExtension.swift in Sources */,
				90C1253721B1A77B00E890F6 /* String+Extensions.swift in Sources */,
				90DBE9F81FC4B356008C6914 /* LayerStyleSet+JSON.swift in Sources */,
				90C1253421B1A77B00E890F6 /* TextTransform.swift in Sources */,
				90C1254721B1A77B00E890F6 /* UITextViewExtension.swift in Sources */,
				9019497C21AC733100AC2B67 /* UIEdgeInsets+JSON.swift in Sources */,
				90A3412E21AA455800788705 /* Generics.swift in Sources */,
				90C1253A21B1A77B00E890F6 /* Element.swift in Sources */,
				90C1253F21B1A77B00E890F6 /* Tag.swift in Sources */,
				8EC737981EB3CBA90087846F /* LayerTheme.swift in Sources */,
				90C1253C21B1A77B00E890F6 /* Rule.swift in Sources */,
				154487681EE4DCE700DCD7A9 /* CABasicAnimationStyle+JSON.swift in Sources */,
				8EC737581EB292A10087846F /* UIColor+Extensions.swift in Sources */,
				90C1253E21B1A77B00E890F6 /* MarkdownElement.swift in Sources */,
				90C1254521B1A77B00E890F6 /* Marker.swift in Sources */,
				8EC737501EB292A10087846F /* BorderWidth.swift in Sources */,
				1544873D1EE4AD7300DCD7A9 /* TextStyle+JSON.swift in Sources */,
				8EC737631EB38FF30087846F /* Kumi.swift in Sources */,
				90DBE9F71FC4B356008C6914 /* LayerStyleSet.swift in Sources */,
				90C1254221B1A77B00E890F6 /* Markup.swift in Sources */,
				154487371EE4AD4E00DCD7A9 /* ShadowStyle+JSON.swift in Sources */,
				90C1254F21B1A77B00E890F6 /* Font.swift in Sources */,
				154487531EE4D2F200DCD7A9 /* UIViewExtension.swift in Sources */,
				1544876C1EE4DFB500DCD7A9 /* UIViewAnimationStyle+JSON.swift in Sources */,
				90C1254921B1A77B00E890F6 /* Color.swift in Sources */,
				8EC737941EB3CBA90087846F /* UIViewAnimationStyle.swift in Sources */,
				1544876A1EE4DE0900DCD7A9 /* CAMediaTimingFunction+JSON.swift in Sources */,
				90C1253621B1A77B00E890F6 /* NSAttributedString+Extensions.swift in Sources */,
				90C1254421B1A77B00E890F6 /* TextStyle+Extensions.swift in Sources */,
				8EC7379A1EB3CBA90087846F /* ShadowTheme.swift in Sources */,
				1544873B1EE4AD7300DCD7A9 /* CATransform3D+JSON.swift in Sources */,
			);
			runOnlyForDeploymentPostprocessing = 0;
		};
		8EC736D11EB28CB60087846F /* Sources */ = {
			isa = PBXSourcesBuildPhase;
			buildActionMask = 2147483647;
			files = (
				8EC7376E1EB39FA40087846F /* JSONHelper.swift in Sources */,
				8EC737831EB3B9DB0087846F /* ThemeTests.swift in Sources */,
			);
			runOnlyForDeploymentPostprocessing = 0;
		};
/* End PBXSourcesBuildPhase section */

/* Begin PBXTargetDependency section */
		8EC736D81EB28CB60087846F /* PBXTargetDependency */ = {
			isa = PBXTargetDependency;
			target = 8EC736CB1EB28CB60087846F /* Kumi */;
			targetProxy = 8EC736D71EB28CB60087846F /* PBXContainerItemProxy */;
		};
/* End PBXTargetDependency section */

/* Begin XCBuildConfiguration section */
		8EC736DE1EB28CB70087846F /* Debug */ = {
			isa = XCBuildConfiguration;
			buildSettings = {
				ALWAYS_SEARCH_USER_PATHS = NO;
				CLANG_ANALYZER_LOCALIZABILITY_NONLOCALIZED = YES;
				CLANG_ANALYZER_NONNULL = YES;
				CLANG_ANALYZER_NUMBER_OBJECT_CONVERSION = YES_AGGRESSIVE;
				CLANG_CXX_LANGUAGE_STANDARD = "gnu++0x";
				CLANG_CXX_LIBRARY = "libc++";
				CLANG_ENABLE_MODULES = YES;
				CLANG_ENABLE_OBJC_ARC = YES;
				CLANG_WARN_BLOCK_CAPTURE_AUTORELEASING = YES;
				CLANG_WARN_BOOL_CONVERSION = YES;
				CLANG_WARN_COMMA = YES;
				CLANG_WARN_CONSTANT_CONVERSION = YES;
				CLANG_WARN_DEPRECATED_OBJC_IMPLEMENTATIONS = YES;
				CLANG_WARN_DIRECT_OBJC_ISA_USAGE = YES_ERROR;
				CLANG_WARN_DOCUMENTATION_COMMENTS = YES;
				CLANG_WARN_EMPTY_BODY = YES;
				CLANG_WARN_ENUM_CONVERSION = YES;
				CLANG_WARN_INFINITE_RECURSION = YES;
				CLANG_WARN_INT_CONVERSION = YES;
				CLANG_WARN_NON_LITERAL_NULL_CONVERSION = YES;
				CLANG_WARN_OBJC_IMPLICIT_RETAIN_SELF = YES;
				CLANG_WARN_OBJC_LITERAL_CONVERSION = YES;
				CLANG_WARN_OBJC_ROOT_CLASS = YES_ERROR;
				CLANG_WARN_RANGE_LOOP_ANALYSIS = YES;
				CLANG_WARN_STRICT_PROTOTYPES = YES;
				CLANG_WARN_SUSPICIOUS_MOVE = YES;
				CLANG_WARN_UNREACHABLE_CODE = YES;
				CLANG_WARN__DUPLICATE_METHOD_MATCH = YES;
				"CODE_SIGN_IDENTITY[sdk=iphoneos*]" = "iPhone Developer";
				COPY_PHASE_STRIP = NO;
				CURRENT_PROJECT_VERSION = 1;
				DEBUG_INFORMATION_FORMAT = dwarf;
				ENABLE_STRICT_OBJC_MSGSEND = YES;
				ENABLE_TESTABILITY = YES;
				GCC_C_LANGUAGE_STANDARD = gnu99;
				GCC_DYNAMIC_NO_PIC = NO;
				GCC_NO_COMMON_BLOCKS = YES;
				GCC_OPTIMIZATION_LEVEL = 0;
				GCC_PREPROCESSOR_DEFINITIONS = (
					"DEBUG=1",
					"$(inherited)",
				);
				GCC_WARN_64_TO_32_BIT_CONVERSION = YES;
				GCC_WARN_ABOUT_RETURN_TYPE = YES_ERROR;
				GCC_WARN_UNDECLARED_SELECTOR = YES;
				GCC_WARN_UNINITIALIZED_AUTOS = YES_AGGRESSIVE;
				GCC_WARN_UNUSED_FUNCTION = YES;
				GCC_WARN_UNUSED_VARIABLE = YES;
				IPHONEOS_DEPLOYMENT_TARGET = 9.0;
				MTL_ENABLE_DEBUG_INFO = YES;
				ONLY_ACTIVE_ARCH = YES;
				SDKROOT = iphoneos;
				SWIFT_ACTIVE_COMPILATION_CONDITIONS = DEBUG;
				SWIFT_OPTIMIZATION_LEVEL = "-Onone";
				TARGETED_DEVICE_FAMILY = "1,2";
				VERSIONING_SYSTEM = "apple-generic";
				VERSION_INFO_PREFIX = "";
			};
			name = Debug;
		};
		8EC736DF1EB28CB70087846F /* Release */ = {
			isa = XCBuildConfiguration;
			buildSettings = {
				ALWAYS_SEARCH_USER_PATHS = NO;
				CLANG_ANALYZER_LOCALIZABILITY_NONLOCALIZED = YES;
				CLANG_ANALYZER_NONNULL = YES;
				CLANG_ANALYZER_NUMBER_OBJECT_CONVERSION = YES_AGGRESSIVE;
				CLANG_CXX_LANGUAGE_STANDARD = "gnu++0x";
				CLANG_CXX_LIBRARY = "libc++";
				CLANG_ENABLE_MODULES = YES;
				CLANG_ENABLE_OBJC_ARC = YES;
				CLANG_WARN_BLOCK_CAPTURE_AUTORELEASING = YES;
				CLANG_WARN_BOOL_CONVERSION = YES;
				CLANG_WARN_COMMA = YES;
				CLANG_WARN_CONSTANT_CONVERSION = YES;
				CLANG_WARN_DEPRECATED_OBJC_IMPLEMENTATIONS = YES;
				CLANG_WARN_DIRECT_OBJC_ISA_USAGE = YES_ERROR;
				CLANG_WARN_DOCUMENTATION_COMMENTS = YES;
				CLANG_WARN_EMPTY_BODY = YES;
				CLANG_WARN_ENUM_CONVERSION = YES;
				CLANG_WARN_INFINITE_RECURSION = YES;
				CLANG_WARN_INT_CONVERSION = YES;
				CLANG_WARN_NON_LITERAL_NULL_CONVERSION = YES;
				CLANG_WARN_OBJC_IMPLICIT_RETAIN_SELF = YES;
				CLANG_WARN_OBJC_LITERAL_CONVERSION = YES;
				CLANG_WARN_OBJC_ROOT_CLASS = YES_ERROR;
				CLANG_WARN_RANGE_LOOP_ANALYSIS = YES;
				CLANG_WARN_STRICT_PROTOTYPES = YES;
				CLANG_WARN_SUSPICIOUS_MOVE = YES;
				CLANG_WARN_UNREACHABLE_CODE = YES;
				CLANG_WARN__DUPLICATE_METHOD_MATCH = YES;
				"CODE_SIGN_IDENTITY[sdk=iphoneos*]" = "iPhone Developer";
				COPY_PHASE_STRIP = NO;
				CURRENT_PROJECT_VERSION = 1;
				DEBUG_INFORMATION_FORMAT = "dwarf-with-dsym";
				ENABLE_NS_ASSERTIONS = NO;
				ENABLE_STRICT_OBJC_MSGSEND = YES;
				GCC_C_LANGUAGE_STANDARD = gnu99;
				GCC_NO_COMMON_BLOCKS = YES;
				GCC_WARN_64_TO_32_BIT_CONVERSION = YES;
				GCC_WARN_ABOUT_RETURN_TYPE = YES_ERROR;
				GCC_WARN_UNDECLARED_SELECTOR = YES;
				GCC_WARN_UNINITIALIZED_AUTOS = YES_AGGRESSIVE;
				GCC_WARN_UNUSED_FUNCTION = YES;
				GCC_WARN_UNUSED_VARIABLE = YES;
				IPHONEOS_DEPLOYMENT_TARGET = 9.0;
				MTL_ENABLE_DEBUG_INFO = NO;
				SDKROOT = iphoneos;
				SWIFT_OPTIMIZATION_LEVEL = "-Owholemodule";
				TARGETED_DEVICE_FAMILY = "1,2";
				VALIDATE_PRODUCT = YES;
				VERSIONING_SYSTEM = "apple-generic";
				VERSION_INFO_PREFIX = "";
			};
			name = Release;
		};
		8EC736E11EB28CB70087846F /* Debug */ = {
			isa = XCBuildConfiguration;
			baseConfigurationReference = A2015E1EE26E9062197C1AA4 /* Pods-Kumi.debug.xcconfig */;
			buildSettings = {
				CLANG_ENABLE_MODULES = YES;
				CODE_SIGN_IDENTITY = "";
				DEFINES_MODULE = YES;
				DEVELOPMENT_TEAM = "";
				DYLIB_COMPATIBILITY_VERSION = 1;
				DYLIB_CURRENT_VERSION = 1;
				DYLIB_INSTALL_NAME_BASE = "@rpath";
				INFOPLIST_FILE = Kumi/Info.plist;
				INSTALL_PATH = "$(LOCAL_LIBRARY_DIR)/Frameworks";
				LD_RUNPATH_SEARCH_PATHS = "$(inherited) @executable_path/Frameworks @loader_path/Frameworks";
				PRODUCT_BUNDLE_IDENTIFIER = com.prolificinteractive.Kumi;
				PRODUCT_NAME = "$(TARGET_NAME)";
				SKIP_INSTALL = YES;
				SWIFT_OPTIMIZATION_LEVEL = "-Onone";
				SWIFT_VERSION = 5.0;
			};
			name = Debug;
		};
		8EC736E21EB28CB70087846F /* Release */ = {
			isa = XCBuildConfiguration;
			baseConfigurationReference = 0812025D0A8EE6C4D7589FE4 /* Pods-Kumi.release.xcconfig */;
			buildSettings = {
				CLANG_ENABLE_MODULES = YES;
				CODE_SIGN_IDENTITY = "";
				DEFINES_MODULE = YES;
				DEVELOPMENT_TEAM = "";
				DYLIB_COMPATIBILITY_VERSION = 1;
				DYLIB_CURRENT_VERSION = 1;
				DYLIB_INSTALL_NAME_BASE = "@rpath";
				INFOPLIST_FILE = Kumi/Info.plist;
				INSTALL_PATH = "$(LOCAL_LIBRARY_DIR)/Frameworks";
				LD_RUNPATH_SEARCH_PATHS = "$(inherited) @executable_path/Frameworks @loader_path/Frameworks";
				PRODUCT_BUNDLE_IDENTIFIER = com.prolificinteractive.Kumi;
				PRODUCT_NAME = "$(TARGET_NAME)";
				SKIP_INSTALL = YES;
				SWIFT_VERSION = 5.0;
			};
			name = Release;
		};
		8EC736E41EB28CB70087846F /* Debug */ = {
			isa = XCBuildConfiguration;
			baseConfigurationReference = 0251124A7024710B80B393FE /* Pods-KumiTests.debug.xcconfig */;
			buildSettings = {
				DEVELOPMENT_TEAM = 7J5JZ3G2QB;
				INFOPLIST_FILE = KumiTests/Info.plist;
				LD_RUNPATH_SEARCH_PATHS = "$(inherited) @executable_path/Frameworks @loader_path/Frameworks";
				PRODUCT_BUNDLE_IDENTIFIER = com.prolificinteractive.KumiTests;
				PRODUCT_NAME = "$(TARGET_NAME)";
				SWIFT_VERSION = 5.0;
			};
			name = Debug;
		};
		8EC736E51EB28CB70087846F /* Release */ = {
			isa = XCBuildConfiguration;
			baseConfigurationReference = C969D8DFF51173F62569A900 /* Pods-KumiTests.release.xcconfig */;
			buildSettings = {
				DEVELOPMENT_TEAM = 7J5JZ3G2QB;
				INFOPLIST_FILE = KumiTests/Info.plist;
				LD_RUNPATH_SEARCH_PATHS = "$(inherited) @executable_path/Frameworks @loader_path/Frameworks";
				PRODUCT_BUNDLE_IDENTIFIER = com.prolificinteractive.KumiTests;
				PRODUCT_NAME = "$(TARGET_NAME)";
				SWIFT_VERSION = 5.0;
			};
			name = Release;
		};
/* End XCBuildConfiguration section */

/* Begin XCConfigurationList section */
		8EC736C61EB28CB60087846F /* Build configuration list for PBXProject "Kumi" */ = {
			isa = XCConfigurationList;
			buildConfigurations = (
				8EC736DE1EB28CB70087846F /* Debug */,
				8EC736DF1EB28CB70087846F /* Release */,
			);
			defaultConfigurationIsVisible = 0;
			defaultConfigurationName = Release;
		};
		8EC736E01EB28CB70087846F /* Build configuration list for PBXNativeTarget "Kumi" */ = {
			isa = XCConfigurationList;
			buildConfigurations = (
				8EC736E11EB28CB70087846F /* Debug */,
				8EC736E21EB28CB70087846F /* Release */,
			);
			defaultConfigurationIsVisible = 0;
			defaultConfigurationName = Release;
		};
		8EC736E31EB28CB70087846F /* Build configuration list for PBXNativeTarget "KumiTests" */ = {
			isa = XCConfigurationList;
			buildConfigurations = (
				8EC736E41EB28CB70087846F /* Debug */,
				8EC736E51EB28CB70087846F /* Release */,
			);
			defaultConfigurationIsVisible = 0;
			defaultConfigurationName = Release;
		};
/* End XCConfigurationList section */
	};
	rootObject = 8EC736C31EB28CB60087846F /* Project object */;
}
