// !$*UTF8*$!
{
	archiveVersion = 1;
	classes = {
	};
	objectVersion = 46;
	objects = {

/* Begin PBXBuildFile section */
		739AA7F5FC65EFB5B8C836AC /* Pods_KumiTests.framework in Frameworks */ = {isa = PBXBuildFile; fileRef = 96B214361F8486E6AC17A2EE /* Pods_KumiTests.framework */; };
		8EC736D61EB28CB60087846F /* Kumi.framework in Frameworks */ = {isa = PBXBuildFile; fileRef = 8EC736CC1EB28CB60087846F /* Kumi.framework */; };
		8EC736DD1EB28CB70087846F /* Kumi.h in Headers */ = {isa = PBXBuildFile; fileRef = 8EC736CF1EB28CB60087846F /* Kumi.h */; settings = {ATTRIBUTES = (Public, ); }; };
		8EC7374D1EB292A10087846F /* AlphaValue.swift in Sources */ = {isa = PBXBuildFile; fileRef = 8EC737401EB292A10087846F /* AlphaValue.swift */; };
		8EC7374E1EB292A10087846F /* AnimationDuration.swift in Sources */ = {isa = PBXBuildFile; fileRef = 8EC737411EB292A10087846F /* AnimationDuration.swift */; };
		8EC737501EB292A10087846F /* BorderWidth.swift in Sources */ = {isa = PBXBuildFile; fileRef = 8EC737431EB292A10087846F /* BorderWidth.swift */; };
		8EC737521EB292A10087846F /* CALayerExtension.swift in Sources */ = {isa = PBXBuildFile; fileRef = 8EC737451EB292A10087846F /* CALayerExtension.swift */; };
		8EC737531EB292A10087846F /* CornerRadius.swift in Sources */ = {isa = PBXBuildFile; fileRef = 8EC737461EB292A10087846F /* CornerRadius.swift */; };
		8EC737581EB292A10087846F /* UIColor+Extensions.swift in Sources */ = {isa = PBXBuildFile; fileRef = 8EC7374B1EB292A10087846F /* UIColor+Extensions.swift */; };
		8EC737631EB38FF30087846F /* Theme.swift in Sources */ = {isa = PBXBuildFile; fileRef = 8EC737621EB38FF30087846F /* Theme.swift */; };
		8EC7376B1EB3984B0087846F /* UIColor+JSON.swift in Sources */ = {isa = PBXBuildFile; fileRef = 8EC7376A1EB3984B0087846F /* UIColor+JSON.swift */; };
		8EC7376E1EB39FA40087846F /* JSONHelper.swift in Sources */ = {isa = PBXBuildFile; fileRef = 8EC7376D1EB39FA40087846F /* JSONHelper.swift */; };
		8EC737711EB3A0330087846F /* ColorThemeTests.swift in Sources */ = {isa = PBXBuildFile; fileRef = 8EC737701EB3A0330087846F /* ColorThemeTests.swift */; };
		8EC737731EB3A1790087846F /* Colors.json in Resources */ = {isa = PBXBuildFile; fileRef = 8EC737721EB3A1790087846F /* Colors.json */; };
		8EC737751EB3A6DC0087846F /* TextStyle+JSON.swift in Sources */ = {isa = PBXBuildFile; fileRef = 8EC737741EB3A6DC0087846F /* TextStyle+JSON.swift */; };
		8EC737781EB3AB280087846F /* FontStyle.json in Resources */ = {isa = PBXBuildFile; fileRef = 8EC737771EB3AB280087846F /* FontStyle.json */; };
		8EC7377A1EB3AB360087846F /* TextStyleTests.swift in Sources */ = {isa = PBXBuildFile; fileRef = 8EC737791EB3AB360087846F /* TextStyleTests.swift */; };
		8EC7377C1EB3AC6D0087846F /* FontThemeTests.swift in Sources */ = {isa = PBXBuildFile; fileRef = 8EC7377B1EB3AC6D0087846F /* FontThemeTests.swift */; };
		8EC7377E1EB3ACCE0087846F /* Fonts.json in Resources */ = {isa = PBXBuildFile; fileRef = 8EC7377D1EB3ACCE0087846F /* Fonts.json */; };
		8EC737811EB3B9D20087846F /* Theme.json in Resources */ = {isa = PBXBuildFile; fileRef = 8EC737801EB3B9D20087846F /* Theme.json */; };
		8EC737831EB3B9DB0087846F /* ThemeTests.swift in Sources */ = {isa = PBXBuildFile; fileRef = 8EC737821EB3B9DB0087846F /* ThemeTests.swift */; };
		8EC737921EB3CBA90087846F /* AnimationTheme.swift in Sources */ = {isa = PBXBuildFile; fileRef = 8EC737851EB3CBA90087846F /* AnimationTheme.swift */; };
		8EC737931EB3CBA90087846F /* CABasicAnimationStyle.swift in Sources */ = {isa = PBXBuildFile; fileRef = 8EC737861EB3CBA90087846F /* CABasicAnimationStyle.swift */; };
		8EC737941EB3CBA90087846F /* UIViewAnimationStyle.swift in Sources */ = {isa = PBXBuildFile; fileRef = 8EC737871EB3CBA90087846F /* UIViewAnimationStyle.swift */; };
		8EC737951EB3CBA90087846F /* ColorTheme.swift in Sources */ = {isa = PBXBuildFile; fileRef = 8EC737891EB3CBA90087846F /* ColorTheme.swift */; };
		8EC737961EB3CBA90087846F /* FontTheme.swift in Sources */ = {isa = PBXBuildFile; fileRef = 8EC7378B1EB3CBA90087846F /* FontTheme.swift */; };
		8EC737971EB3CBA90087846F /* LayerStyle.swift in Sources */ = {isa = PBXBuildFile; fileRef = 8EC7378D1EB3CBA90087846F /* LayerStyle.swift */; };
		8EC737981EB3CBA90087846F /* LayerTheme.swift in Sources */ = {isa = PBXBuildFile; fileRef = 8EC7378E1EB3CBA90087846F /* LayerTheme.swift */; };
		8EC737991EB3CBA90087846F /* ShadowStyle.swift in Sources */ = {isa = PBXBuildFile; fileRef = 8EC737901EB3CBA90087846F /* ShadowStyle.swift */; };
		8EC7379A1EB3CBA90087846F /* ShadowTheme.swift in Sources */ = {isa = PBXBuildFile; fileRef = 8EC737911EB3CBA90087846F /* ShadowTheme.swift */; };
		AB5CCF0B6D9EB7BB0CA58726 /* Pods_Kumi.framework in Frameworks */ = {isa = PBXBuildFile; fileRef = FC4CF5A50CF18BF86C3F0A5E /* Pods_Kumi.framework */; };
/* End PBXBuildFile section */

/* Begin PBXContainerItemProxy section */
		8EC736D71EB28CB60087846F /* PBXContainerItemProxy */ = {
			isa = PBXContainerItemProxy;
			containerPortal = 8EC736C31EB28CB60087846F /* Project object */;
			proxyType = 1;
			remoteGlobalIDString = 8EC736CB1EB28CB60087846F;
			remoteInfo = Kumi;
		};
/* End PBXContainerItemProxy section */

/* Begin PBXFileReference section */
		0251124A7024710B80B393FE /* Pods-KumiTests.debug.xcconfig */ = {isa = PBXFileReference; includeInIndex = 1; lastKnownFileType = text.xcconfig; name = "Pods-KumiTests.debug.xcconfig"; path = "Pods/Target Support Files/Pods-KumiTests/Pods-KumiTests.debug.xcconfig"; sourceTree = "<group>"; };
		0812025D0A8EE6C4D7589FE4 /* Pods-Kumi.release.xcconfig */ = {isa = PBXFileReference; includeInIndex = 1; lastKnownFileType = text.xcconfig; name = "Pods-Kumi.release.xcconfig"; path = "Pods/Target Support Files/Pods-Kumi/Pods-Kumi.release.xcconfig"; sourceTree = "<group>"; };
		8EC736CC1EB28CB60087846F /* Kumi.framework */ = {isa = PBXFileReference; explicitFileType = wrapper.framework; includeInIndex = 0; path = Kumi.framework; sourceTree = BUILT_PRODUCTS_DIR; };
		8EC736CF1EB28CB60087846F /* Kumi.h */ = {isa = PBXFileReference; lastKnownFileType = sourcecode.c.h; path = Kumi.h; sourceTree = "<group>"; };
		8EC736D01EB28CB60087846F /* Info.plist */ = {isa = PBXFileReference; lastKnownFileType = text.plist.xml; path = Info.plist; sourceTree = "<group>"; };
		8EC736D51EB28CB60087846F /* KumiTests.xctest */ = {isa = PBXFileReference; explicitFileType = wrapper.cfbundle; includeInIndex = 0; path = KumiTests.xctest; sourceTree = BUILT_PRODUCTS_DIR; };
		8EC736DC1EB28CB70087846F /* Info.plist */ = {isa = PBXFileReference; lastKnownFileType = text.plist.xml; path = Info.plist; sourceTree = "<group>"; };
		8EC737401EB292A10087846F /* AlphaValue.swift */ = {isa = PBXFileReference; fileEncoding = 4; lastKnownFileType = sourcecode.swift; path = AlphaValue.swift; sourceTree = "<group>"; };
		8EC737411EB292A10087846F /* AnimationDuration.swift */ = {isa = PBXFileReference; fileEncoding = 4; lastKnownFileType = sourcecode.swift; path = AnimationDuration.swift; sourceTree = "<group>"; };
		8EC737431EB292A10087846F /* BorderWidth.swift */ = {isa = PBXFileReference; fileEncoding = 4; lastKnownFileType = sourcecode.swift; path = BorderWidth.swift; sourceTree = "<group>"; };
		8EC737451EB292A10087846F /* CALayerExtension.swift */ = {isa = PBXFileReference; fileEncoding = 4; lastKnownFileType = sourcecode.swift; path = CALayerExtension.swift; sourceTree = "<group>"; };
		8EC737461EB292A10087846F /* CornerRadius.swift */ = {isa = PBXFileReference; fileEncoding = 4; lastKnownFileType = sourcecode.swift; path = CornerRadius.swift; sourceTree = "<group>"; };
		8EC7374B1EB292A10087846F /* UIColor+Extensions.swift */ = {isa = PBXFileReference; fileEncoding = 4; lastKnownFileType = sourcecode.swift; path = "UIColor+Extensions.swift"; sourceTree = "<group>"; };
		8EC737621EB38FF30087846F /* Theme.swift */ = {isa = PBXFileReference; fileEncoding = 4; lastKnownFileType = sourcecode.swift; path = Theme.swift; sourceTree = "<group>"; };
		8EC7376A1EB3984B0087846F /* UIColor+JSON.swift */ = {isa = PBXFileReference; fileEncoding = 4; lastKnownFileType = sourcecode.swift; path = "UIColor+JSON.swift"; sourceTree = "<group>"; };
		8EC7376D1EB39FA40087846F /* JSONHelper.swift */ = {isa = PBXFileReference; fileEncoding = 4; lastKnownFileType = sourcecode.swift; path = JSONHelper.swift; sourceTree = "<group>"; };
		8EC737701EB3A0330087846F /* ColorThemeTests.swift */ = {isa = PBXFileReference; fileEncoding = 4; lastKnownFileType = sourcecode.swift; path = ColorThemeTests.swift; sourceTree = "<group>"; };
		8EC737721EB3A1790087846F /* Colors.json */ = {isa = PBXFileReference; fileEncoding = 4; lastKnownFileType = text.json; path = Colors.json; sourceTree = "<group>"; };
		8EC737741EB3A6DC0087846F /* TextStyle+JSON.swift */ = {isa = PBXFileReference; fileEncoding = 4; lastKnownFileType = sourcecode.swift; path = "TextStyle+JSON.swift"; sourceTree = "<group>"; };
		8EC737771EB3AB280087846F /* FontStyle.json */ = {isa = PBXFileReference; fileEncoding = 4; lastKnownFileType = text.json; path = FontStyle.json; sourceTree = "<group>"; };
		8EC737791EB3AB360087846F /* TextStyleTests.swift */ = {isa = PBXFileReference; fileEncoding = 4; lastKnownFileType = sourcecode.swift; path = TextStyleTests.swift; sourceTree = "<group>"; };
		8EC7377B1EB3AC6D0087846F /* FontThemeTests.swift */ = {isa = PBXFileReference; fileEncoding = 4; lastKnownFileType = sourcecode.swift; path = FontThemeTests.swift; sourceTree = "<group>"; };
		8EC7377D1EB3ACCE0087846F /* Fonts.json */ = {isa = PBXFileReference; fileEncoding = 4; lastKnownFileType = text.json; path = Fonts.json; sourceTree = "<group>"; };
		8EC737801EB3B9D20087846F /* Theme.json */ = {isa = PBXFileReference; fileEncoding = 4; lastKnownFileType = text.json; path = Theme.json; sourceTree = "<group>"; };
		8EC737821EB3B9DB0087846F /* ThemeTests.swift */ = {isa = PBXFileReference; fileEncoding = 4; lastKnownFileType = sourcecode.swift; path = ThemeTests.swift; sourceTree = "<group>"; };
		8EC737851EB3CBA90087846F /* AnimationTheme.swift */ = {isa = PBXFileReference; fileEncoding = 4; lastKnownFileType = sourcecode.swift; path = AnimationTheme.swift; sourceTree = "<group>"; };
		8EC737861EB3CBA90087846F /* CABasicAnimationStyle.swift */ = {isa = PBXFileReference; fileEncoding = 4; lastKnownFileType = sourcecode.swift; path = CABasicAnimationStyle.swift; sourceTree = "<group>"; };
		8EC737871EB3CBA90087846F /* UIViewAnimationStyle.swift */ = {isa = PBXFileReference; fileEncoding = 4; lastKnownFileType = sourcecode.swift; path = UIViewAnimationStyle.swift; sourceTree = "<group>"; };
		8EC737891EB3CBA90087846F /* ColorTheme.swift */ = {isa = PBXFileReference; fileEncoding = 4; lastKnownFileType = sourcecode.swift; path = ColorTheme.swift; sourceTree = "<group>"; };
		8EC7378B1EB3CBA90087846F /* FontTheme.swift */ = {isa = PBXFileReference; fileEncoding = 4; lastKnownFileType = sourcecode.swift; path = FontTheme.swift; sourceTree = "<group>"; };
		8EC7378D1EB3CBA90087846F /* LayerStyle.swift */ = {isa = PBXFileReference; fileEncoding = 4; lastKnownFileType = sourcecode.swift; path = LayerStyle.swift; sourceTree = "<group>"; };
		8EC7378E1EB3CBA90087846F /* LayerTheme.swift */ = {isa = PBXFileReference; fileEncoding = 4; lastKnownFileType = sourcecode.swift; path = LayerTheme.swift; sourceTree = "<group>"; };
		8EC737901EB3CBA90087846F /* ShadowStyle.swift */ = {isa = PBXFileReference; fileEncoding = 4; lastKnownFileType = sourcecode.swift; path = ShadowStyle.swift; sourceTree = "<group>"; };
		8EC737911EB3CBA90087846F /* ShadowTheme.swift */ = {isa = PBXFileReference; fileEncoding = 4; lastKnownFileType = sourcecode.swift; path = ShadowTheme.swift; sourceTree = "<group>"; };
		96B214361F8486E6AC17A2EE /* Pods_KumiTests.framework */ = {isa = PBXFileReference; explicitFileType = wrapper.framework; includeInIndex = 0; path = Pods_KumiTests.framework; sourceTree = BUILT_PRODUCTS_DIR; };
		A2015E1EE26E9062197C1AA4 /* Pods-Kumi.debug.xcconfig */ = {isa = PBXFileReference; includeInIndex = 1; lastKnownFileType = text.xcconfig; name = "Pods-Kumi.debug.xcconfig"; path = "Pods/Target Support Files/Pods-Kumi/Pods-Kumi.debug.xcconfig"; sourceTree = "<group>"; };
		C969D8DFF51173F62569A900 /* Pods-KumiTests.release.xcconfig */ = {isa = PBXFileReference; includeInIndex = 1; lastKnownFileType = text.xcconfig; name = "Pods-KumiTests.release.xcconfig"; path = "Pods/Target Support Files/Pods-KumiTests/Pods-KumiTests.release.xcconfig"; sourceTree = "<group>"; };
		FC4CF5A50CF18BF86C3F0A5E /* Pods_Kumi.framework */ = {isa = PBXFileReference; explicitFileType = wrapper.framework; includeInIndex = 0; path = Pods_Kumi.framework; sourceTree = BUILT_PRODUCTS_DIR; };
/* End PBXFileReference section */

/* Begin PBXFrameworksBuildPhase section */
		8EC736C81EB28CB60087846F /* Frameworks */ = {
			isa = PBXFrameworksBuildPhase;
			buildActionMask = 2147483647;
			files = (
				AB5CCF0B6D9EB7BB0CA58726 /* Pods_Kumi.framework in Frameworks */,
			);
			runOnlyForDeploymentPostprocessing = 0;
		};
		8EC736D21EB28CB60087846F /* Frameworks */ = {
			isa = PBXFrameworksBuildPhase;
			buildActionMask = 2147483647;
			files = (
				8EC736D61EB28CB60087846F /* Kumi.framework in Frameworks */,
				739AA7F5FC65EFB5B8C836AC /* Pods_KumiTests.framework in Frameworks */,
			);
			runOnlyForDeploymentPostprocessing = 0;
		};
/* End PBXFrameworksBuildPhase section */

/* Begin PBXGroup section */
		5F79F9AF9E8405D517EA61F7 /* Frameworks */ = {
			isa = PBXGroup;
			children = (
				FC4CF5A50CF18BF86C3F0A5E /* Pods_Kumi.framework */,
				96B214361F8486E6AC17A2EE /* Pods_KumiTests.framework */,
			);
			name = Frameworks;
			sourceTree = "<group>";
		};
		8EC736C21EB28CB60087846F = {
			isa = PBXGroup;
			children = (
				8EC736CE1EB28CB60087846F /* Kumi */,
				8EC736D91EB28CB70087846F /* KumiTests */,
				8EC736CD1EB28CB60087846F /* Products */,
				F32D11083DE4B5B87424B869 /* Pods */,
				5F79F9AF9E8405D517EA61F7 /* Frameworks */,
			);
			sourceTree = "<group>";
		};
		8EC736CD1EB28CB60087846F /* Products */ = {
			isa = PBXGroup;
			children = (
				8EC736CC1EB28CB60087846F /* Kumi.framework */,
				8EC736D51EB28CB60087846F /* KumiTests.xctest */,
			);
			name = Products;
			sourceTree = "<group>";
		};
		8EC736CE1EB28CB60087846F /* Kumi */ = {
			isa = PBXGroup;
			children = (
				8EC736CF1EB28CB60087846F /* Kumi.h */,
				8EC7371F1EB291C70087846F /* Core */,
				8EC736D01EB28CB60087846F /* Info.plist */,
			);
			path = Kumi;
			sourceTree = "<group>";
		};
		8EC736D91EB28CB70087846F /* KumiTests */ = {
			isa = PBXGroup;
			children = (
				8EC7376F1EB3A02A0087846F /* Color */,
				8EC737761EB3AAEC0087846F /* Font */,
				8EC7377F1EB3B9D20087846F /* Theme */,
				8EC7376C1EB39F690087846F /* Utility */,
				8EC736DC1EB28CB70087846F /* Info.plist */,
			);
			path = KumiTests;
			sourceTree = "<group>";
		};
		8EC7371F1EB291C70087846F /* Core */ = {
			isa = PBXGroup;
			children = (
				8EC737841EB3CBA90087846F /* Animation */,
				8EC737881EB3CBA90087846F /* Color */,
				8EC7378A1EB3CBA90087846F /* Font */,
				8EC7378C1EB3CBA90087846F /* Layer */,
				8EC7378F1EB3CBA90087846F /* Shadow */,
				8EC7373F1EB292A10087846F /* Utility */,
				8EC737621EB38FF30087846F /* Theme.swift */,
			);
			path = Core;
			sourceTree = "<group>";
		};
		8EC7373F1EB292A10087846F /* Utility */ = {
			isa = PBXGroup;
			children = (
				8EC737401EB292A10087846F /* AlphaValue.swift */,
				8EC737411EB292A10087846F /* AnimationDuration.swift */,
				8EC737431EB292A10087846F /* BorderWidth.swift */,
				8EC737451EB292A10087846F /* CALayerExtension.swift */,
				8EC737461EB292A10087846F /* CornerRadius.swift */,
				8EC7374B1EB292A10087846F /* UIColor+Extensions.swift */,
				8EC7376A1EB3984B0087846F /* UIColor+JSON.swift */,
				8EC737741EB3A6DC0087846F /* TextStyle+JSON.swift */,
			);
			path = Utility;
			sourceTree = "<group>";
		};
		8EC7376C1EB39F690087846F /* Utility */ = {
			isa = PBXGroup;
			children = (
				8EC7376D1EB39FA40087846F /* JSONHelper.swift */,
			);
			path = Utility;
			sourceTree = "<group>";
		};
		8EC7376F1EB3A02A0087846F /* Color */ = {
			isa = PBXGroup;
			children = (
				8EC737721EB3A1790087846F /* Colors.json */,
				8EC737701EB3A0330087846F /* ColorThemeTests.swift */,
			);
			path = Color;
			sourceTree = "<group>";
		};
		8EC737761EB3AAEC0087846F /* Font */ = {
			isa = PBXGroup;
			children = (
				8EC7377D1EB3ACCE0087846F /* Fonts.json */,
				8EC737771EB3AB280087846F /* FontStyle.json */,
				8EC737791EB3AB360087846F /* TextStyleTests.swift */,
				8EC7377B1EB3AC6D0087846F /* FontThemeTests.swift */,
			);
			path = Font;
			sourceTree = "<group>";
		};
		8EC7377F1EB3B9D20087846F /* Theme */ = {
			isa = PBXGroup;
			children = (
				8EC737801EB3B9D20087846F /* Theme.json */,
				8EC737821EB3B9DB0087846F /* ThemeTests.swift */,
			);
			path = Theme;
			sourceTree = "<group>";
		};
		8EC737841EB3CBA90087846F /* Animation */ = {
			isa = PBXGroup;
			children = (
				8EC737851EB3CBA90087846F /* AnimationTheme.swift */,
				8EC737861EB3CBA90087846F /* CABasicAnimationStyle.swift */,
				8EC737871EB3CBA90087846F /* UIViewAnimationStyle.swift */,
			);
			path = Animation;
			sourceTree = "<group>";
		};
		8EC737881EB3CBA90087846F /* Color */ = {
			isa = PBXGroup;
			children = (
				8EC737891EB3CBA90087846F /* ColorTheme.swift */,
			);
			path = Color;
			sourceTree = "<group>";
		};
		8EC7378A1EB3CBA90087846F /* Font */ = {
			isa = PBXGroup;
			children = (
				8EC7378B1EB3CBA90087846F /* FontTheme.swift */,
			);
			path = Font;
			sourceTree = "<group>";
		};
		8EC7378C1EB3CBA90087846F /* Layer */ = {
			isa = PBXGroup;
			children = (
				8EC7378D1EB3CBA90087846F /* LayerStyle.swift */,
				8EC7378E1EB3CBA90087846F /* LayerTheme.swift */,
			);
			path = Layer;
			sourceTree = "<group>";
		};
		8EC7378F1EB3CBA90087846F /* Shadow */ = {
			isa = PBXGroup;
			children = (
				8EC737901EB3CBA90087846F /* ShadowStyle.swift */,
				8EC737911EB3CBA90087846F /* ShadowTheme.swift */,
			);
			path = Shadow;
			sourceTree = "<group>";
		};
		F32D11083DE4B5B87424B869 /* Pods */ = {
			isa = PBXGroup;
			children = (
				A2015E1EE26E9062197C1AA4 /* Pods-Kumi.debug.xcconfig */,
				0812025D0A8EE6C4D7589FE4 /* Pods-Kumi.release.xcconfig */,
				0251124A7024710B80B393FE /* Pods-KumiTests.debug.xcconfig */,
				C969D8DFF51173F62569A900 /* Pods-KumiTests.release.xcconfig */,
			);
			name = Pods;
			sourceTree = "<group>";
		};
/* End PBXGroup section */

/* Begin PBXHeadersBuildPhase section */
		8EC736C91EB28CB60087846F /* Headers */ = {
			isa = PBXHeadersBuildPhase;
			buildActionMask = 2147483647;
			files = (
				8EC736DD1EB28CB70087846F /* Kumi.h in Headers */,
			);
			runOnlyForDeploymentPostprocessing = 0;
		};
/* End PBXHeadersBuildPhase section */

/* Begin PBXNativeTarget section */
		8EC736CB1EB28CB60087846F /* Kumi */ = {
			isa = PBXNativeTarget;
			buildConfigurationList = 8EC736E01EB28CB70087846F /* Build configuration list for PBXNativeTarget "Kumi" */;
			buildPhases = (
				585CBC04231949CD5625FC69 /* [CP] Check Pods Manifest.lock */,
				8EC736C71EB28CB60087846F /* Sources */,
				8EC736C81EB28CB60087846F /* Frameworks */,
				8EC736C91EB28CB60087846F /* Headers */,
				8EC736CA1EB28CB60087846F /* Resources */,
				F68C48B0799D420181B3BF70 /* [CP] Copy Pods Resources */,
			);
			buildRules = (
			);
			dependencies = (
			);
			name = Kumi;
			productName = Kumi;
			productReference = 8EC736CC1EB28CB60087846F /* Kumi.framework */;
			productType = "com.apple.product-type.framework";
		};
		8EC736D41EB28CB60087846F /* KumiTests */ = {
			isa = PBXNativeTarget;
			buildConfigurationList = 8EC736E31EB28CB70087846F /* Build configuration list for PBXNativeTarget "KumiTests" */;
			buildPhases = (
				D8759F2CF40E51A495AC2621 /* [CP] Check Pods Manifest.lock */,
				8EC736D11EB28CB60087846F /* Sources */,
				8EC736D21EB28CB60087846F /* Frameworks */,
				8EC736D31EB28CB60087846F /* Resources */,
				C8DF7ABC0BCFF8F77D3A256F /* [CP] Embed Pods Frameworks */,
				ED88623CA29617BB06C23BB6 /* [CP] Copy Pods Resources */,
			);
			buildRules = (
			);
			dependencies = (
				8EC736D81EB28CB60087846F /* PBXTargetDependency */,
			);
			name = KumiTests;
			productName = KumiTests;
			productReference = 8EC736D51EB28CB60087846F /* KumiTests.xctest */;
			productType = "com.apple.product-type.bundle.unit-test";
		};
/* End PBXNativeTarget section */

/* Begin PBXProject section */
		8EC736C31EB28CB60087846F /* Project object */ = {
			isa = PBXProject;
			attributes = {
				LastSwiftUpdateCheck = 0830;
				LastUpgradeCheck = 0830;
				ORGANIZATIONNAME = "Prolific Interactive";
				TargetAttributes = {
					8EC736CB1EB28CB60087846F = {
						CreatedOnToolsVersion = 8.3.2;
						DevelopmentTeam = 5ZZ7W4SB26;
						LastSwiftMigration = 0830;
						ProvisioningStyle = Automatic;
					};
					8EC736D41EB28CB60087846F = {
						CreatedOnToolsVersion = 8.3.2;
						DevelopmentTeam = 5ZZ7W4SB26;
						ProvisioningStyle = Automatic;
					};
				};
			};
			buildConfigurationList = 8EC736C61EB28CB60087846F /* Build configuration list for PBXProject "Kumi" */;
			compatibilityVersion = "Xcode 3.2";
			developmentRegion = English;
			hasScannedForEncodings = 0;
			knownRegions = (
				en,
			);
			mainGroup = 8EC736C21EB28CB60087846F;
			productRefGroup = 8EC736CD1EB28CB60087846F /* Products */;
			projectDirPath = "";
			projectRoot = "";
			targets = (
				8EC736CB1EB28CB60087846F /* Kumi */,
				8EC736D41EB28CB60087846F /* KumiTests */,
			);
		};
/* End PBXProject section */

/* Begin PBXResourcesBuildPhase section */
		8EC736CA1EB28CB60087846F /* Resources */ = {
			isa = PBXResourcesBuildPhase;
			buildActionMask = 2147483647;
			files = (
			);
			runOnlyForDeploymentPostprocessing = 0;
		};
		8EC736D31EB28CB60087846F /* Resources */ = {
			isa = PBXResourcesBuildPhase;
			buildActionMask = 2147483647;
			files = (
				8EC7377E1EB3ACCE0087846F /* Fonts.json in Resources */,
				8EC737811EB3B9D20087846F /* Theme.json in Resources */,
				8EC737781EB3AB280087846F /* FontStyle.json in Resources */,
				8EC737731EB3A1790087846F /* Colors.json in Resources */,
			);
			runOnlyForDeploymentPostprocessing = 0;
		};
/* End PBXResourcesBuildPhase section */

/* Begin PBXShellScriptBuildPhase section */
		585CBC04231949CD5625FC69 /* [CP] Check Pods Manifest.lock */ = {
			isa = PBXShellScriptBuildPhase;
			buildActionMask = 2147483647;
			files = (
			);
			inputPaths = (
			);
			name = "[CP] Check Pods Manifest.lock";
			outputPaths = (
			);
			runOnlyForDeploymentPostprocessing = 0;
			shellPath = /bin/sh;
			shellScript = "diff \"${PODS_ROOT}/../Podfile.lock\" \"${PODS_ROOT}/Manifest.lock\" > /dev/null\nif [ $? != 0 ] ; then\n    # print error to STDERR\n    echo \"error: The sandbox is not in sync with the Podfile.lock. Run 'pod install' or update your CocoaPods installation.\" >&2\n    exit 1\nfi\n";
			showEnvVarsInLog = 0;
		};
		C8DF7ABC0BCFF8F77D3A256F /* [CP] Embed Pods Frameworks */ = {
			isa = PBXShellScriptBuildPhase;
			buildActionMask = 2147483647;
			files = (
			);
			inputPaths = (
			);
			name = "[CP] Embed Pods Frameworks";
			outputPaths = (
			);
			runOnlyForDeploymentPostprocessing = 0;
			shellPath = /bin/sh;
			shellScript = "\"${SRCROOT}/Pods/Target Support Files/Pods-KumiTests/Pods-KumiTests-frameworks.sh\"\n";
			showEnvVarsInLog = 0;
		};
		D8759F2CF40E51A495AC2621 /* [CP] Check Pods Manifest.lock */ = {
			isa = PBXShellScriptBuildPhase;
			buildActionMask = 2147483647;
			files = (
			);
			inputPaths = (
			);
			name = "[CP] Check Pods Manifest.lock";
			outputPaths = (
			);
			runOnlyForDeploymentPostprocessing = 0;
			shellPath = /bin/sh;
			shellScript = "diff \"${PODS_ROOT}/../Podfile.lock\" \"${PODS_ROOT}/Manifest.lock\" > /dev/null\nif [ $? != 0 ] ; then\n    # print error to STDERR\n    echo \"error: The sandbox is not in sync with the Podfile.lock. Run 'pod install' or update your CocoaPods installation.\" >&2\n    exit 1\nfi\n";
			showEnvVarsInLog = 0;
		};
		ED88623CA29617BB06C23BB6 /* [CP] Copy Pods Resources */ = {
			isa = PBXShellScriptBuildPhase;
			buildActionMask = 2147483647;
			files = (
			);
			inputPaths = (
			);
			name = "[CP] Copy Pods Resources";
			outputPaths = (
			);
			runOnlyForDeploymentPostprocessing = 0;
			shellPath = /bin/sh;
			shellScript = "\"${SRCROOT}/Pods/Target Support Files/Pods-KumiTests/Pods-KumiTests-resources.sh\"\n";
			showEnvVarsInLog = 0;
		};
		F68C48B0799D420181B3BF70 /* [CP] Copy Pods Resources */ = {
			isa = PBXShellScriptBuildPhase;
			buildActionMask = 2147483647;
			files = (
			);
			inputPaths = (
			);
			name = "[CP] Copy Pods Resources";
			outputPaths = (
			);
			runOnlyForDeploymentPostprocessing = 0;
			shellPath = /bin/sh;
			shellScript = "\"${SRCROOT}/Pods/Target Support Files/Pods-Kumi/Pods-Kumi-resources.sh\"\n";
			showEnvVarsInLog = 0;
		};
/* End PBXShellScriptBuildPhase section */

/* Begin PBXSourcesBuildPhase section */
		8EC736C71EB28CB60087846F /* Sources */ = {
			isa = PBXSourcesBuildPhase;
			buildActionMask = 2147483647;
			files = (
				8EC737921EB3CBA90087846F /* AnimationTheme.swift in Sources */,
				8EC737531EB292A10087846F /* CornerRadius.swift in Sources */,
				8EC737521EB292A10087846F /* CALayerExtension.swift in Sources */,
				8EC737931EB3CBA90087846F /* CABasicAnimationStyle.swift in Sources */,
				8EC737991EB3CBA90087846F /* ShadowStyle.swift in Sources */,
				8EC7374D1EB292A10087846F /* AlphaValue.swift in Sources */,
				8EC737951EB3CBA90087846F /* ColorTheme.swift in Sources */,
				8EC737751EB3A6DC0087846F /* TextStyle+JSON.swift in Sources */,
				8EC737971EB3CBA90087846F /* LayerStyle.swift in Sources */,
				8EC7376B1EB3984B0087846F /* UIColor+JSON.swift in Sources */,
				8EC737961EB3CBA90087846F /* FontTheme.swift in Sources */,
				8EC7374E1EB292A10087846F /* AnimationDuration.swift in Sources */,
				8EC737981EB3CBA90087846F /* LayerTheme.swift in Sources */,
				8EC737581EB292A10087846F /* UIColor+Extensions.swift in Sources */,
				8EC737501EB292A10087846F /* BorderWidth.swift in Sources */,
				8EC737631EB38FF30087846F /* Theme.swift in Sources */,
				8EC737941EB3CBA90087846F /* UIViewAnimationStyle.swift in Sources */,
				8EC7379A1EB3CBA90087846F /* ShadowTheme.swift in Sources */,
			);
			runOnlyForDeploymentPostprocessing = 0;
		};
		8EC736D11EB28CB60087846F /* Sources */ = {
			isa = PBXSourcesBuildPhase;
			buildActionMask = 2147483647;
			files = (
				8EC7377A1EB3AB360087846F /* TextStyleTests.swift in Sources */,
				8EC737711EB3A0330087846F /* ColorThemeTests.swift in Sources */,
				8EC7377C1EB3AC6D0087846F /* FontThemeTests.swift in Sources */,
				8EC7376E1EB39FA40087846F /* JSONHelper.swift in Sources */,
				8EC737831EB3B9DB0087846F /* ThemeTests.swift in Sources */,
			);
			runOnlyForDeploymentPostprocessing = 0;
		};
/* End PBXSourcesBuildPhase section */

/* Begin PBXTargetDependency section */
		8EC736D81EB28CB60087846F /* PBXTargetDependency */ = {
			isa = PBXTargetDependency;
			target = 8EC736CB1EB28CB60087846F /* Kumi */;
			targetProxy = 8EC736D71EB28CB60087846F /* PBXContainerItemProxy */;
		};
/* End PBXTargetDependency section */

/* Begin XCBuildConfiguration section */
		8EC736DE1EB28CB70087846F /* Debug */ = {
			isa = XCBuildConfiguration;
			buildSettings = {
				ALWAYS_SEARCH_USER_PATHS = NO;
				CLANG_ANALYZER_NONNULL = YES;
				CLANG_ANALYZER_NUMBER_OBJECT_CONVERSION = YES_AGGRESSIVE;
				CLANG_CXX_LANGUAGE_STANDARD = "gnu++0x";
				CLANG_CXX_LIBRARY = "libc++";
				CLANG_ENABLE_MODULES = YES;
				CLANG_ENABLE_OBJC_ARC = YES;
				CLANG_WARN_BOOL_CONVERSION = YES;
				CLANG_WARN_CONSTANT_CONVERSION = YES;
				CLANG_WARN_DIRECT_OBJC_ISA_USAGE = YES_ERROR;
				CLANG_WARN_DOCUMENTATION_COMMENTS = YES;
				CLANG_WARN_EMPTY_BODY = YES;
				CLANG_WARN_ENUM_CONVERSION = YES;
				CLANG_WARN_INFINITE_RECURSION = YES;
				CLANG_WARN_INT_CONVERSION = YES;
				CLANG_WARN_OBJC_ROOT_CLASS = YES_ERROR;
				CLANG_WARN_SUSPICIOUS_MOVE = YES;
				CLANG_WARN_UNREACHABLE_CODE = YES;
				CLANG_WARN__DUPLICATE_METHOD_MATCH = YES;
				"CODE_SIGN_IDENTITY[sdk=iphoneos*]" = "iPhone Developer";
				COPY_PHASE_STRIP = NO;
				CURRENT_PROJECT_VERSION = 1;
				DEBUG_INFORMATION_FORMAT = dwarf;
				ENABLE_STRICT_OBJC_MSGSEND = YES;
				ENABLE_TESTABILITY = YES;
				GCC_C_LANGUAGE_STANDARD = gnu99;
				GCC_DYNAMIC_NO_PIC = NO;
				GCC_NO_COMMON_BLOCKS = YES;
				GCC_OPTIMIZATION_LEVEL = 0;
				GCC_PREPROCESSOR_DEFINITIONS = (
					"DEBUG=1",
					"$(inherited)",
				);
				GCC_WARN_64_TO_32_BIT_CONVERSION = YES;
				GCC_WARN_ABOUT_RETURN_TYPE = YES_ERROR;
				GCC_WARN_UNDECLARED_SELECTOR = YES;
				GCC_WARN_UNINITIALIZED_AUTOS = YES_AGGRESSIVE;
				GCC_WARN_UNUSED_FUNCTION = YES;
				GCC_WARN_UNUSED_VARIABLE = YES;
				IPHONEOS_DEPLOYMENT_TARGET = 9.0;
				MTL_ENABLE_DEBUG_INFO = YES;
				ONLY_ACTIVE_ARCH = YES;
				SDKROOT = iphoneos;
				SWIFT_ACTIVE_COMPILATION_CONDITIONS = DEBUG;
				SWIFT_OPTIMIZATION_LEVEL = "-Onone";
				TARGETED_DEVICE_FAMILY = "1,2";
				VERSIONING_SYSTEM = "apple-generic";
				VERSION_INFO_PREFIX = "";
			};
			name = Debug;
		};
		8EC736DF1EB28CB70087846F /* Release */ = {
			isa = XCBuildConfiguration;
			buildSettings = {
				ALWAYS_SEARCH_USER_PATHS = NO;
				CLANG_ANALYZER_NONNULL = YES;
				CLANG_ANALYZER_NUMBER_OBJECT_CONVERSION = YES_AGGRESSIVE;
				CLANG_CXX_LANGUAGE_STANDARD = "gnu++0x";
				CLANG_CXX_LIBRARY = "libc++";
				CLANG_ENABLE_MODULES = YES;
				CLANG_ENABLE_OBJC_ARC = YES;
				CLANG_WARN_BOOL_CONVERSION = YES;
				CLANG_WARN_CONSTANT_CONVERSION = YES;
				CLANG_WARN_DIRECT_OBJC_ISA_USAGE = YES_ERROR;
				CLANG_WARN_DOCUMENTATION_COMMENTS = YES;
				CLANG_WARN_EMPTY_BODY = YES;
				CLANG_WARN_ENUM_CONVERSION = YES;
				CLANG_WARN_INFINITE_RECURSION = YES;
				CLANG_WARN_INT_CONVERSION = YES;
				CLANG_WARN_OBJC_ROOT_CLASS = YES_ERROR;
				CLANG_WARN_SUSPICIOUS_MOVE = YES;
				CLANG_WARN_UNREACHABLE_CODE = YES;
				CLANG_WARN__DUPLICATE_METHOD_MATCH = YES;
				"CODE_SIGN_IDENTITY[sdk=iphoneos*]" = "iPhone Developer";
				COPY_PHASE_STRIP = NO;
				CURRENT_PROJECT_VERSION = 1;
				DEBUG_INFORMATION_FORMAT = "dwarf-with-dsym";
				ENABLE_NS_ASSERTIONS = NO;
				ENABLE_STRICT_OBJC_MSGSEND = YES;
				GCC_C_LANGUAGE_STANDARD = gnu99;
				GCC_NO_COMMON_BLOCKS = YES;
				GCC_WARN_64_TO_32_BIT_CONVERSION = YES;
				GCC_WARN_ABOUT_RETURN_TYPE = YES_ERROR;
				GCC_WARN_UNDECLARED_SELECTOR = YES;
				GCC_WARN_UNINITIALIZED_AUTOS = YES_AGGRESSIVE;
				GCC_WARN_UNUSED_FUNCTION = YES;
				GCC_WARN_UNUSED_VARIABLE = YES;
				IPHONEOS_DEPLOYMENT_TARGET = 9.0;
				MTL_ENABLE_DEBUG_INFO = NO;
				SDKROOT = iphoneos;
				SWIFT_OPTIMIZATION_LEVEL = "-Owholemodule";
				TARGETED_DEVICE_FAMILY = "1,2";
				VALIDATE_PRODUCT = YES;
				VERSIONING_SYSTEM = "apple-generic";
				VERSION_INFO_PREFIX = "";
			};
			name = Release;
		};
		8EC736E11EB28CB70087846F /* Debug */ = {
			isa = XCBuildConfiguration;
			baseConfigurationReference = A2015E1EE26E9062197C1AA4 /* Pods-Kumi.debug.xcconfig */;
			buildSettings = {
				CLANG_ENABLE_MODULES = YES;
				CODE_SIGN_IDENTITY = "";
				DEFINES_MODULE = YES;
				DEVELOPMENT_TEAM = 5ZZ7W4SB26;
				DYLIB_COMPATIBILITY_VERSION = 1;
				DYLIB_CURRENT_VERSION = 1;
				DYLIB_INSTALL_NAME_BASE = "@rpath";
				INFOPLIST_FILE = Kumi/Info.plist;
				INSTALL_PATH = "$(LOCAL_LIBRARY_DIR)/Frameworks";
				LD_RUNPATH_SEARCH_PATHS = "$(inherited) @executable_path/Frameworks @loader_path/Frameworks";
				PRODUCT_BUNDLE_IDENTIFIER = com.prolificinteractive.Kumi;
				PRODUCT_NAME = "$(TARGET_NAME)";
				SKIP_INSTALL = YES;
				SWIFT_OPTIMIZATION_LEVEL = "-Onone";
				SWIFT_VERSION = 3.0;
			};
			name = Debug;
		};
		8EC736E21EB28CB70087846F /* Release */ = {
			isa = XCBuildConfiguration;
			baseConfigurationReference = 0812025D0A8EE6C4D7589FE4 /* Pods-Kumi.release.xcconfig */;
			buildSettings = {
				CLANG_ENABLE_MODULES = YES;
				CODE_SIGN_IDENTITY = "";
				DEFINES_MODULE = YES;
				DEVELOPMENT_TEAM = 5ZZ7W4SB26;
				DYLIB_COMPATIBILITY_VERSION = 1;
				DYLIB_CURRENT_VERSION = 1;
				DYLIB_INSTALL_NAME_BASE = "@rpath";
				INFOPLIST_FILE = Kumi/Info.plist;
				INSTALL_PATH = "$(LOCAL_LIBRARY_DIR)/Frameworks";
				LD_RUNPATH_SEARCH_PATHS = "$(inherited) @executable_path/Frameworks @loader_path/Frameworks";
				PRODUCT_BUNDLE_IDENTIFIER = com.prolificinteractive.Kumi;
				PRODUCT_NAME = "$(TARGET_NAME)";
				SKIP_INSTALL = YES;
				SWIFT_VERSION = 3.0;
			};
			name = Release;
		};
		8EC736E41EB28CB70087846F /* Debug */ = {
			isa = XCBuildConfiguration;
			baseConfigurationReference = 0251124A7024710B80B393FE /* Pods-KumiTests.debug.xcconfig */;
			buildSettings = {
				DEVELOPMENT_TEAM = 5ZZ7W4SB26;
				INFOPLIST_FILE = KumiTests/Info.plist;
				LD_RUNPATH_SEARCH_PATHS = "$(inherited) @executable_path/Frameworks @loader_path/Frameworks";
				PRODUCT_BUNDLE_IDENTIFIER = com.prolificinteractive.KumiTests;
				PRODUCT_NAME = "$(TARGET_NAME)";
				SWIFT_VERSION = 3.0;
			};
			name = Debug;
		};
		8EC736E51EB28CB70087846F /* Release */ = {
			isa = XCBuildConfiguration;
			baseConfigurationReference = C969D8DFF51173F62569A900 /* Pods-KumiTests.release.xcconfig */;
			buildSettings = {
				DEVELOPMENT_TEAM = 5ZZ7W4SB26;
				INFOPLIST_FILE = KumiTests/Info.plist;
				LD_RUNPATH_SEARCH_PATHS = "$(inherited) @executable_path/Frameworks @loader_path/Frameworks";
				PRODUCT_BUNDLE_IDENTIFIER = com.prolificinteractive.KumiTests;
				PRODUCT_NAME = "$(TARGET_NAME)";
				SWIFT_VERSION = 3.0;
			};
			name = Release;
		};
/* End XCBuildConfiguration section */

/* Begin XCConfigurationList section */
		8EC736C61EB28CB60087846F /* Build configuration list for PBXProject "Kumi" */ = {
			isa = XCConfigurationList;
			buildConfigurations = (
				8EC736DE1EB28CB70087846F /* Debug */,
				8EC736DF1EB28CB70087846F /* Release */,
			);
			defaultConfigurationIsVisible = 0;
			defaultConfigurationName = Release;
		};
		8EC736E01EB28CB70087846F /* Build configuration list for PBXNativeTarget "Kumi" */ = {
			isa = XCConfigurationList;
			buildConfigurations = (
				8EC736E11EB28CB70087846F /* Debug */,
				8EC736E21EB28CB70087846F /* Release */,
			);
			defaultConfigurationIsVisible = 0;
			defaultConfigurationName = Release;
		};
		8EC736E31EB28CB70087846F /* Build configuration list for PBXNativeTarget "KumiTests" */ = {
			isa = XCConfigurationList;
			buildConfigurations = (
				8EC736E41EB28CB70087846F /* Debug */,
				8EC736E51EB28CB70087846F /* Release */,
			);
			defaultConfigurationIsVisible = 0;
			defaultConfigurationName = Release;
		};
/* End XCConfigurationList section */
	};
	rootObject = 8EC736C31EB28CB60087846F /* Project object */;
}
